// !$*UTF8*$!
{
	archiveVersion = 1;
	classes = {
	};
	objectVersion = 46;
	objects = {

/* Begin PBXBuildFile section */
		4495406D1EEAA4750075BEA4 /* SMSSDKUIContactTableViewCell.m in Sources */ = {isa = PBXBuildFile; fileRef = 4495405A1EEAA4750075BEA4 /* SMSSDKUIContactTableViewCell.m */; };
		4495406E1EEAA4750075BEA4 /* SMSSDKUICommitCodeViewController.m in Sources */ = {isa = PBXBuildFile; fileRef = 4495405D1EEAA4750075BEA4 /* SMSSDKUICommitCodeViewController.m */; };
		4495406F1EEAA4750075BEA4 /* SMSSDKUIContactFriendsViewController.m in Sources */ = {isa = PBXBuildFile; fileRef = 4495405F1EEAA4750075BEA4 /* SMSSDKUIContactFriendsViewController.m */; };
		449540701EEAA4750075BEA4 /* SMSSDKUIGetCodeViewController.m in Sources */ = {isa = PBXBuildFile; fileRef = 449540611EEAA4750075BEA4 /* SMSSDKUIGetCodeViewController.m */; };
		449540711EEAA4750075BEA4 /* SMSSDKUIInviteViewController.m in Sources */ = {isa = PBXBuildFile; fileRef = 449540631EEAA4750075BEA4 /* SMSSDKUIInviteViewController.m */; };
		449540721EEAA4750075BEA4 /* SMSSDKUIZonesViewController.m in Sources */ = {isa = PBXBuildFile; fileRef = 449540651EEAA4750075BEA4 /* SMSSDKUIZonesViewController.m */; };
		449540731EEAA4750075BEA4 /* SMSSDKUIHelper.m in Sources */ = {isa = PBXBuildFile; fileRef = 449540691EEAA4750075BEA4 /* SMSSDKUIHelper.m */; };
		449540741EEAA4750075BEA4 /* SMSSDKUIProcessHUD.m in Sources */ = {isa = PBXBuildFile; fileRef = 4495406C1EEAA4750075BEA4 /* SMSSDKUIProcessHUD.m */; };
		449540751EEAA7A50075BEA4 /* SMSSDKUI.h in CopyFiles */ = {isa = PBXBuildFile; fileRef = 449540661EEAA4750075BEA4 /* SMSSDKUI.h */; };
		449540761EEAA7B40075BEA4 /* SMSSDKUICommitCodeViewController.h in CopyFiles */ = {isa = PBXBuildFile; fileRef = 4495405C1EEAA4750075BEA4 /* SMSSDKUICommitCodeViewController.h */; };
		449540771EEAA7B40075BEA4 /* SMSSDKUIContactFriendsViewController.h in CopyFiles */ = {isa = PBXBuildFile; fileRef = 4495405E1EEAA4750075BEA4 /* SMSSDKUIContactFriendsViewController.h */; };
		449540781EEAA7B40075BEA4 /* SMSSDKUIGetCodeViewController.h in CopyFiles */ = {isa = PBXBuildFile; fileRef = 449540601EEAA4750075BEA4 /* SMSSDKUIGetCodeViewController.h */; };
		449540791EEAA7B40075BEA4 /* SMSSDKUIInviteViewController.h in CopyFiles */ = {isa = PBXBuildFile; fileRef = 449540621EEAA4750075BEA4 /* SMSSDKUIInviteViewController.h */; };
		4495407A1EEAA7B40075BEA4 /* SMSSDKUIZonesViewController.h in CopyFiles */ = {isa = PBXBuildFile; fileRef = 449540641EEAA4750075BEA4 /* SMSSDKUIZonesViewController.h */; };
		4495407B1EEAA7B40075BEA4 /* SMSSDKUIProcessHUD.h in CopyFiles */ = {isa = PBXBuildFile; fileRef = 4495406B1EEAA4750075BEA4 /* SMSSDKUIProcessHUD.h */; };
/* End PBXBuildFile section */

/* Begin PBXCopyFilesBuildPhase section */
		448BEA271ED6D4170081B15A /* CopyFiles */ = {
			isa = PBXCopyFilesBuildPhase;
			buildActionMask = 2147483647;
			dstPath = include;
			dstSubfolderSpec = 16;
			files = (
				449540761EEAA7B40075BEA4 /* SMSSDKUICommitCodeViewController.h in CopyFiles */,
				449540771EEAA7B40075BEA4 /* SMSSDKUIContactFriendsViewController.h in CopyFiles */,
				449540781EEAA7B40075BEA4 /* SMSSDKUIGetCodeViewController.h in CopyFiles */,
				449540791EEAA7B40075BEA4 /* SMSSDKUIInviteViewController.h in CopyFiles */,
				4495407A1EEAA7B40075BEA4 /* SMSSDKUIZonesViewController.h in CopyFiles */,
				4495407B1EEAA7B40075BEA4 /* SMSSDKUIProcessHUD.h in CopyFiles */,
				449540751EEAA7A50075BEA4 /* SMSSDKUI.h in CopyFiles */,
			);
			runOnlyForDeploymentPostprocessing = 0;
		};
/* End PBXCopyFilesBuildPhase section */

/* Begin PBXFileReference section */
		448BEA291ED6D4170081B15A /* libSMSSDKUI.a */ = {isa = PBXFileReference; explicitFileType = archive.ar; includeInIndex = 0; path = libSMSSDKUI.a; sourceTree = BUILT_PRODUCTS_DIR; };
		449540591EEAA4750075BEA4 /* SMSSDKUIContactTableViewCell.h */ = {isa = PBXFileReference; fileEncoding = 4; lastKnownFileType = sourcecode.c.h; path = SMSSDKUIContactTableViewCell.h; sourceTree = "<group>"; };
		4495405A1EEAA4750075BEA4 /* SMSSDKUIContactTableViewCell.m */ = {isa = PBXFileReference; fileEncoding = 4; lastKnownFileType = sourcecode.c.objc; path = SMSSDKUIContactTableViewCell.m; sourceTree = "<group>"; };
		4495405C1EEAA4750075BEA4 /* SMSSDKUICommitCodeViewController.h */ = {isa = PBXFileReference; fileEncoding = 4; lastKnownFileType = sourcecode.c.h; path = SMSSDKUICommitCodeViewController.h; sourceTree = "<group>"; };
		4495405D1EEAA4750075BEA4 /* SMSSDKUICommitCodeViewController.m */ = {isa = PBXFileReference; fileEncoding = 4; lastKnownFileType = sourcecode.c.objc; path = SMSSDKUICommitCodeViewController.m; sourceTree = "<group>"; };
		4495405E1EEAA4750075BEA4 /* SMSSDKUIContactFriendsViewController.h */ = {isa = PBXFileReference; fileEncoding = 4; lastKnownFileType = sourcecode.c.h; path = SMSSDKUIContactFriendsViewController.h; sourceTree = "<group>"; };
		4495405F1EEAA4750075BEA4 /* SMSSDKUIContactFriendsViewController.m */ = {isa = PBXFileReference; fileEncoding = 4; lastKnownFileType = sourcecode.c.objc; path = SMSSDKUIContactFriendsViewController.m; sourceTree = "<group>"; };
		449540601EEAA4750075BEA4 /* SMSSDKUIGetCodeViewController.h */ = {isa = PBXFileReference; fileEncoding = 4; lastKnownFileType = sourcecode.c.h; path = SMSSDKUIGetCodeViewController.h; sourceTree = "<group>"; };
		449540611EEAA4750075BEA4 /* SMSSDKUIGetCodeViewController.m */ = {isa = PBXFileReference; fileEncoding = 4; lastKnownFileType = sourcecode.c.objc; path = SMSSDKUIGetCodeViewController.m; sourceTree = "<group>"; };
		449540621EEAA4750075BEA4 /* SMSSDKUIInviteViewController.h */ = {isa = PBXFileReference; fileEncoding = 4; lastKnownFileType = sourcecode.c.h; path = SMSSDKUIInviteViewController.h; sourceTree = "<group>"; };
		449540631EEAA4750075BEA4 /* SMSSDKUIInviteViewController.m */ = {isa = PBXFileReference; fileEncoding = 4; lastKnownFileType = sourcecode.c.objc; path = SMSSDKUIInviteViewController.m; sourceTree = "<group>"; };
		449540641EEAA4750075BEA4 /* SMSSDKUIZonesViewController.h */ = {isa = PBXFileReference; fileEncoding = 4; lastKnownFileType = sourcecode.c.h; path = SMSSDKUIZonesViewController.h; sourceTree = "<group>"; };
		449540651EEAA4750075BEA4 /* SMSSDKUIZonesViewController.m */ = {isa = PBXFileReference; fileEncoding = 4; lastKnownFileType = sourcecode.c.objc; path = SMSSDKUIZonesViewController.m; sourceTree = "<group>"; };
		449540661EEAA4750075BEA4 /* SMSSDKUI.h */ = {isa = PBXFileReference; fileEncoding = 4; lastKnownFileType = sourcecode.c.h; path = SMSSDKUI.h; sourceTree = "<group>"; };
		449540681EEAA4750075BEA4 /* SMSSDKUIHelper.h */ = {isa = PBXFileReference; fileEncoding = 4; lastKnownFileType = sourcecode.c.h; path = SMSSDKUIHelper.h; sourceTree = "<group>"; };
		449540691EEAA4750075BEA4 /* SMSSDKUIHelper.m */ = {isa = PBXFileReference; fileEncoding = 4; lastKnownFileType = sourcecode.c.objc; path = SMSSDKUIHelper.m; sourceTree = "<group>"; };
		4495406A1EEAA4750075BEA4 /* SMSSDKUIPrefixHeader.pch */ = {isa = PBXFileReference; fileEncoding = 4; lastKnownFileType = sourcecode.c.h; path = SMSSDKUIPrefixHeader.pch; sourceTree = "<group>"; };
		4495406B1EEAA4750075BEA4 /* SMSSDKUIProcessHUD.h */ = {isa = PBXFileReference; fileEncoding = 4; lastKnownFileType = sourcecode.c.h; path = SMSSDKUIProcessHUD.h; sourceTree = "<group>"; };
		4495406C1EEAA4750075BEA4 /* SMSSDKUIProcessHUD.m */ = {isa = PBXFileReference; fileEncoding = 4; lastKnownFileType = sourcecode.c.objc; path = SMSSDKUIProcessHUD.m; sourceTree = "<group>"; };
/* End PBXFileReference section */

/* Begin PBXFrameworksBuildPhase section */
		448BEA261ED6D4170081B15A /* Frameworks */ = {
			isa = PBXFrameworksBuildPhase;
			buildActionMask = 2147483647;
			files = (
			);
			runOnlyForDeploymentPostprocessing = 0;
		};
/* End PBXFrameworksBuildPhase section */

/* Begin PBXGroup section */
		448BEA201ED6D4170081B15A = {
			isa = PBXGroup;
			children = (
				448BEA2B1ED6D4170081B15A /* SMSSDKUI */,
				448BEA2A1ED6D4170081B15A /* Products */,
			);
			sourceTree = "<group>";
		};
		448BEA2A1ED6D4170081B15A /* Products */ = {
			isa = PBXGroup;
			children = (
				448BEA291ED6D4170081B15A /* libSMSSDKUI.a */,
			);
			name = Products;
			sourceTree = "<group>";
		};
		448BEA2B1ED6D4170081B15A /* SMSSDKUI */ = {
			isa = PBXGroup;
			children = (
				449540661EEAA4750075BEA4 /* SMSSDKUI.h */,
				4495405B1EEAA4750075BEA4 /* Controllers */,
				449540581EEAA4750075BEA4 /* Cell */,
				449540671EEAA4750075BEA4 /* Util */,
			);
			path = SMSSDKUI;
			sourceTree = "<group>";
		};
		449540581EEAA4750075BEA4 /* Cell */ = {
			isa = PBXGroup;
			children = (
				449540591EEAA4750075BEA4 /* SMSSDKUIContactTableViewCell.h */,
				4495405A1EEAA4750075BEA4 /* SMSSDKUIContactTableViewCell.m */,
			);
			path = Cell;
			sourceTree = "<group>";
		};
		4495405B1EEAA4750075BEA4 /* Controllers */ = {
			isa = PBXGroup;
			children = (
				449540601EEAA4750075BEA4 /* SMSSDKUIGetCodeViewController.h */,
				449540611EEAA4750075BEA4 /* SMSSDKUIGetCodeViewController.m */,
				4495405C1EEAA4750075BEA4 /* SMSSDKUICommitCodeViewController.h */,
				4495405D1EEAA4750075BEA4 /* SMSSDKUICommitCodeViewController.m */,
				4495405E1EEAA4750075BEA4 /* SMSSDKUIContactFriendsViewController.h */,
				4495405F1EEAA4750075BEA4 /* SMSSDKUIContactFriendsViewController.m */,
				449540621EEAA4750075BEA4 /* SMSSDKUIInviteViewController.h */,
				449540631EEAA4750075BEA4 /* SMSSDKUIInviteViewController.m */,
				449540641EEAA4750075BEA4 /* SMSSDKUIZonesViewController.h */,
				449540651EEAA4750075BEA4 /* SMSSDKUIZonesViewController.m */,
			);
			path = Controllers;
			sourceTree = "<group>";
		};
		449540671EEAA4750075BEA4 /* Util */ = {
			isa = PBXGroup;
			children = (
				449540681EEAA4750075BEA4 /* SMSSDKUIHelper.h */,
				449540691EEAA4750075BEA4 /* SMSSDKUIHelper.m */,
				4495406B1EEAA4750075BEA4 /* SMSSDKUIProcessHUD.h */,
				4495406C1EEAA4750075BEA4 /* SMSSDKUIProcessHUD.m */,
				4495406A1EEAA4750075BEA4 /* SMSSDKUIPrefixHeader.pch */,
			);
			path = Util;
			sourceTree = "<group>";
		};
/* End PBXGroup section */

/* Begin PBXNativeTarget section */
		448BEA281ED6D4170081B15A /* SMSSDKUI */ = {
			isa = PBXNativeTarget;
			buildConfigurationList = 448BEA321ED6D4170081B15A /* Build configuration list for PBXNativeTarget "SMSSDKUI" */;
			buildPhases = (
				448BEA251ED6D4170081B15A /* Sources */,
				448BEA261ED6D4170081B15A /* Frameworks */,
				448BEA271ED6D4170081B15A /* CopyFiles */,
			);
			buildRules = (
			);
			dependencies = (
			);
			name = SMSSDKUI;
			productName = SMSSDKUI;
			productReference = 448BEA291ED6D4170081B15A /* libSMSSDKUI.a */;
			productType = "com.apple.product-type.library.static";
		};
/* End PBXNativeTarget section */

/* Begin PBXProject section */
		448BEA211ED6D4170081B15A /* Project object */ = {
			isa = PBXProject;
			attributes = {
				LastUpgradeCheck = 0830;
				ORGANIZATIONNAME = youzu;
				TargetAttributes = {
					448BEA281ED6D4170081B15A = {
						CreatedOnToolsVersion = 8.3.2;
						DevelopmentTeam = RS44JP5XUM;
						ProvisioningStyle = Automatic;
					};
				};
			};
			buildConfigurationList = 448BEA241ED6D4170081B15A /* Build configuration list for PBXProject "SMSSDKUI" */;
			compatibilityVersion = "Xcode 3.2";
			developmentRegion = English;
			hasScannedForEncodings = 0;
			knownRegions = (
				en,
			);
			mainGroup = 448BEA201ED6D4170081B15A;
			productRefGroup = 448BEA2A1ED6D4170081B15A /* Products */;
			projectDirPath = "";
			projectRoot = "";
			targets = (
				448BEA281ED6D4170081B15A /* SMSSDKUI */,
			);
		};
/* End PBXProject section */

/* Begin PBXSourcesBuildPhase section */
		448BEA251ED6D4170081B15A /* Sources */ = {
			isa = PBXSourcesBuildPhase;
			buildActionMask = 2147483647;
			files = (
				449540731EEAA4750075BEA4 /* SMSSDKUIHelper.m in Sources */,
				4495406D1EEAA4750075BEA4 /* SMSSDKUIContactTableViewCell.m in Sources */,
				449540741EEAA4750075BEA4 /* SMSSDKUIProcessHUD.m in Sources */,
				449540721EEAA4750075BEA4 /* SMSSDKUIZonesViewController.m in Sources */,
				4495406E1EEAA4750075BEA4 /* SMSSDKUICommitCodeViewController.m in Sources */,
				4495406F1EEAA4750075BEA4 /* SMSSDKUIContactFriendsViewController.m in Sources */,
				449540711EEAA4750075BEA4 /* SMSSDKUIInviteViewController.m in Sources */,
				449540701EEAA4750075BEA4 /* SMSSDKUIGetCodeViewController.m in Sources */,
			);
			runOnlyForDeploymentPostprocessing = 0;
		};
/* End PBXSourcesBuildPhase section */

/* Begin XCBuildConfiguration section */
		448BEA301ED6D4170081B15A /* Debug */ = {
			isa = XCBuildConfiguration;
			buildSettings = {
				ALWAYS_SEARCH_USER_PATHS = NO;
				CLANG_ANALYZER_NONNULL = YES;
				CLANG_ANALYZER_NUMBER_OBJECT_CONVERSION = YES_AGGRESSIVE;
				CLANG_CXX_LANGUAGE_STANDARD = "gnu++0x";
				CLANG_CXX_LIBRARY = "libc++";
				CLANG_ENABLE_MODULES = YES;
				CLANG_ENABLE_OBJC_ARC = YES;
				CLANG_WARN_BOOL_CONVERSION = YES;
				CLANG_WARN_CONSTANT_CONVERSION = YES;
				CLANG_WARN_DIRECT_OBJC_ISA_USAGE = YES_ERROR;
				CLANG_WARN_DOCUMENTATION_COMMENTS = YES;
				CLANG_WARN_EMPTY_BODY = YES;
				CLANG_WARN_ENUM_CONVERSION = YES;
				CLANG_WARN_INFINITE_RECURSION = YES;
				CLANG_WARN_INT_CONVERSION = YES;
				CLANG_WARN_OBJC_ROOT_CLASS = YES_ERROR;
				CLANG_WARN_SUSPICIOUS_MOVE = YES;
				CLANG_WARN_UNREACHABLE_CODE = YES;
				CLANG_WARN__DUPLICATE_METHOD_MATCH = YES;
				"CODE_SIGN_IDENTITY[sdk=iphoneos*]" = "iPhone Developer";
				COPY_PHASE_STRIP = NO;
				DEBUG_INFORMATION_FORMAT = dwarf;
				ENABLE_STRICT_OBJC_MSGSEND = YES;
				ENABLE_TESTABILITY = YES;
				FRAMEWORK_SEARCH_PATHS = "$(PROJECT_DIR)/../MobProducts/SDK/**";
				GCC_C_LANGUAGE_STANDARD = gnu99;
				GCC_DYNAMIC_NO_PIC = NO;
				GCC_NO_COMMON_BLOCKS = YES;
				GCC_OPTIMIZATION_LEVEL = 0;
				GCC_PREFIX_HEADER = SMSSDKUI/Util/SMSSDKUIPrefixHeader.pch;
				GCC_PREPROCESSOR_DEFINITIONS = (
					"DEBUG=1",
					"$(inherited)",
				);
				GCC_WARN_64_TO_32_BIT_CONVERSION = YES;
				GCC_WARN_ABOUT_RETURN_TYPE = YES_ERROR;
				GCC_WARN_UNDECLARED_SELECTOR = YES;
				GCC_WARN_UNINITIALIZED_AUTOS = YES_AGGRESSIVE;
				GCC_WARN_UNUSED_FUNCTION = YES;
				GCC_WARN_UNUSED_VARIABLE = YES;
				IPHONEOS_DEPLOYMENT_TARGET = 8.0;
				MTL_ENABLE_DEBUG_INFO = YES;
				ONLY_ACTIVE_ARCH = YES;
				SDKROOT = iphoneos;
			};
			name = Debug;
		};
		448BEA311ED6D4170081B15A /* Release */ = {
			isa = XCBuildConfiguration;
			buildSettings = {
				ALWAYS_SEARCH_USER_PATHS = NO;
				CLANG_ANALYZER_NONNULL = YES;
				CLANG_ANALYZER_NUMBER_OBJECT_CONVERSION = YES_AGGRESSIVE;
				CLANG_CXX_LANGUAGE_STANDARD = "gnu++0x";
				CLANG_CXX_LIBRARY = "libc++";
				CLANG_ENABLE_MODULES = YES;
				CLANG_ENABLE_OBJC_ARC = YES;
				CLANG_WARN_BOOL_CONVERSION = YES;
				CLANG_WARN_CONSTANT_CONVERSION = YES;
				CLANG_WARN_DIRECT_OBJC_ISA_USAGE = YES_ERROR;
				CLANG_WARN_DOCUMENTATION_COMMENTS = YES;
				CLANG_WARN_EMPTY_BODY = YES;
				CLANG_WARN_ENUM_CONVERSION = YES;
				CLANG_WARN_INFINITE_RECURSION = YES;
				CLANG_WARN_INT_CONVERSION = YES;
				CLANG_WARN_OBJC_ROOT_CLASS = YES_ERROR;
				CLANG_WARN_SUSPICIOUS_MOVE = YES;
				CLANG_WARN_UNREACHABLE_CODE = YES;
				CLANG_WARN__DUPLICATE_METHOD_MATCH = YES;
				"CODE_SIGN_IDENTITY[sdk=iphoneos*]" = "iPhone Developer";
				COPY_PHASE_STRIP = NO;
				DEBUG_INFORMATION_FORMAT = "dwarf-with-dsym";
				ENABLE_NS_ASSERTIONS = NO;
				ENABLE_STRICT_OBJC_MSGSEND = YES;
				FRAMEWORK_SEARCH_PATHS = "$(PROJECT_DIR)/../MobProducts/SDK/**";
				GCC_C_LANGUAGE_STANDARD = gnu99;
				GCC_NO_COMMON_BLOCKS = YES;
				GCC_PREFIX_HEADER = SMSSDKUI/Util/SMSSDKUIPrefixHeader.pch;
				GCC_WARN_64_TO_32_BIT_CONVERSION = YES;
				GCC_WARN_ABOUT_RETURN_TYPE = YES_ERROR;
				GCC_WARN_UNDECLARED_SELECTOR = YES;
				GCC_WARN_UNINITIALIZED_AUTOS = YES_AGGRESSIVE;
				GCC_WARN_UNUSED_FUNCTION = YES;
				GCC_WARN_UNUSED_VARIABLE = YES;
				IPHONEOS_DEPLOYMENT_TARGET = 8.0;
				MTL_ENABLE_DEBUG_INFO = NO;
				SDKROOT = iphoneos;
				VALIDATE_PRODUCT = YES;
			};
			name = Release;
		};
		448BEA331ED6D4170081B15A /* Debug */ = {
			isa = XCBuildConfiguration;
			buildSettings = {
				DEVELOPMENT_TEAM = RS44JP5XUM;
				FRAMEWORK_SEARCH_PATHS = "$(PROJECT_DIR)/../../../SDK/**";
				OTHER_LDFLAGS = "-ObjC";
				PRODUCT_NAME = "$(TARGET_NAME)";
				SKIP_INSTALL = YES;
			};
			name = Debug;
		};
		448BEA341ED6D4170081B15A /* Release */ = {
			isa = XCBuildConfiguration;
			buildSettings = {
				DEVELOPMENT_TEAM = RS44JP5XUM;
				FRAMEWORK_SEARCH_PATHS = "$(PROJECT_DIR)/../../../SDK/**";
				OTHER_LDFLAGS = "-ObjC";
				PRODUCT_NAME = "$(TARGET_NAME)";
				SKIP_INSTALL = YES;
			};
			name = Release;
		};
/* End XCBuildConfiguration section */

/* Begin XCConfigurationList section */
		448BEA241ED6D4170081B15A /* Build configuration list for PBXProject "SMSSDKUI" */ = {
			isa = XCConfigurationList;
			buildConfigurations = (
				448BEA301ED6D4170081B15A /* Debug */,
				448BEA311ED6D4170081B15A /* Release */,
			);
			defaultConfigurationIsVisible = 0;
			defaultConfigurationName = Release;
		};
		448BEA321ED6D4170081B15A /* Build configuration list for PBXNativeTarget "SMSSDKUI" */ = {
			isa = XCConfigurationList;
			buildConfigurations = (
				448BEA331ED6D4170081B15A /* Debug */,
				448BEA341ED6D4170081B15A /* Release */,
			);
			defaultConfigurationIsVisible = 0;
			defaultConfigurationName = Release;
		};
/* End XCConfigurationList section */
	};
	rootObject = 448BEA211ED6D4170081B15A /* Project object */;
}
