// !$*UTF8*$!
{
	archiveVersion = 1;
	classes = {
	};
	objectVersion = 50;
	objects = {

/* Begin PBXAggregateTarget section */
		0B293294245533B10001D3E7 /* CreatePackage_UI */ = {
			isa = PBXAggregateTarget;
			buildConfigurationList = 0B293295245533B10001D3E7 /* Build configuration list for PBXAggregateTarget "CreatePackage_UI" */;
			buildPhases = (
				0B293298245533BA0001D3E7 /* ShellScript */,
			);
			dependencies = (
				0B6634AB245566AF00DF3B93 /* PBXTargetDependency */,
			);
			name = CreatePackage_UI;
			productName = CreatePackage_UI;
		};
		BCB4FD0F286BF072006C847B /* CreatePackage_UI_M1 */ = {
			isa = PBXAggregateTarget;
			buildConfigurationList = BCB4FD12286BF072006C847B /* Build configuration list for PBXAggregateTarget "CreatePackage_UI_M1" */;
			buildPhases = (
				BCB4FD13286BF077006C847B /* ShellScript */,
			);
			dependencies = (
			);
			name = CreatePackage_UI_M1;
			productName = CreatePackage_UI_M1;
		};
/* End PBXAggregateTarget section */

/* Begin PBXBuildFile section */
		0B0E4F5024553F8A008D02BE /* libz.tbd in Frameworks */ = {isa = PBXBuildFile; fileRef = 0B0E4F4F24553F8A008D02BE /* libz.tbd */; };
		0B293235245530820001D3E7 /* SMSSDKUI.h in Headers */ = {isa = PBXBuildFile; fileRef = 0B293233245530820001D3E7 /* SMSSDKUI.h */; settings = {ATTRIBUTES = (Public, ); }; };
		0B2932662455313F0001D3E7 /* SMSGlobalManager.h in Headers */ = {isa = PBXBuildFile; fileRef = 0B29323B2455313F0001D3E7 /* SMSGlobalManager.h */; };
		0B2932672455313F0001D3E7 /* SMSSDKUISelectAvatarCell.m in Sources */ = {isa = PBXBuildFile; fileRef = 0B29323D2455313F0001D3E7 /* SMSSDKUISelectAvatarCell.m */; };
		0B2932682455313F0001D3E7 /* SMSSDKUIContactTableViewCell.m in Sources */ = {isa = PBXBuildFile; fileRef = 0B29323E2455313F0001D3E7 /* SMSSDKUIContactTableViewCell.m */; };
		0B2932692455313F0001D3E7 /* SMSSDKUIZonesCell.m in Sources */ = {isa = PBXBuildFile; fileRef = 0B29323F2455313F0001D3E7 /* SMSSDKUIZonesCell.m */; };
		0B29326A2455313F0001D3E7 /* SMSSDKUISelectAvatarCell.h in Headers */ = {isa = PBXBuildFile; fileRef = 0B2932402455313F0001D3E7 /* SMSSDKUISelectAvatarCell.h */; };
		0B29326B2455313F0001D3E7 /* SMSSDKUIContactTableViewCell.h in Headers */ = {isa = PBXBuildFile; fileRef = 0B2932412455313F0001D3E7 /* SMSSDKUIContactTableViewCell.h */; };
		0B29326C2455313F0001D3E7 /* SMSSDKUIZonesCell.h in Headers */ = {isa = PBXBuildFile; fileRef = 0B2932422455313F0001D3E7 /* SMSSDKUIZonesCell.h */; };
		0B29326D2455313F0001D3E7 /* SMSDefines.h in Headers */ = {isa = PBXBuildFile; fileRef = 0B2932432455313F0001D3E7 /* SMSDefines.h */; settings = {ATTRIBUTES = (Public, ); }; };
		0B29326E2455313F0001D3E7 /* SMSSDKUIAvatarFLowLayout.m in Sources */ = {isa = PBXBuildFile; fileRef = 0B2932452455313F0001D3E7 /* SMSSDKUIAvatarFLowLayout.m */; };
		0B29326F2455313F0001D3E7 /* SMSSDKUIAvatarFLowLayout.h in Headers */ = {isa = PBXBuildFile; fileRef = 0B2932462455313F0001D3E7 /* SMSSDKUIAvatarFLowLayout.h */; };
		0B2932702455313F0001D3E7 /* SMSUserManager.h in Headers */ = {isa = PBXBuildFile; fileRef = 0B2932472455313F0001D3E7 /* SMSUserManager.h */; };
		0B2932712455313F0001D3E7 /* SMSUserManager.m in Sources */ = {isa = PBXBuildFile; fileRef = 0B2932482455313F0001D3E7 /* SMSUserManager.m */; };
		0B2932722455313F0001D3E7 /* SMSSDKUIZonesViewController.m in Sources */ = {isa = PBXBuildFile; fileRef = 0B29324A2455313F0001D3E7 /* SMSSDKUIZonesViewController.m */; };
		0B2932732455313F0001D3E7 /* SMSSDKUIBindUserInfoViewController.h in Headers */ = {isa = PBXBuildFile; fileRef = 0B29324B2455313F0001D3E7 /* SMSSDKUIBindUserInfoViewController.h */; };
		0B2932742455313F0001D3E7 /* SMSSDKUIGetCodeViewController.h in Headers */ = {isa = PBXBuildFile; fileRef = 0B29324C2455313F0001D3E7 /* SMSSDKUIGetCodeViewController.h */; settings = {ATTRIBUTES = (Public, ); }; };
		0B2932752455313F0001D3E7 /* SMSSDKUIContactFriendsViewController.h in Headers */ = {isa = PBXBuildFile; fileRef = 0B29324D2455313F0001D3E7 /* SMSSDKUIContactFriendsViewController.h */; settings = {ATTRIBUTES = (Public, ); }; };
		0B2932762455313F0001D3E7 /* SMSSDKUIBaseViewController.m in Sources */ = {isa = PBXBuildFile; fileRef = 0B29324E2455313F0001D3E7 /* SMSSDKUIBaseViewController.m */; };
		0B2932772455313F0001D3E7 /* SMSSDKUIFriendsResultViewController.m in Sources */ = {isa = PBXBuildFile; fileRef = 0B29324F2455313F0001D3E7 /* SMSSDKUIFriendsResultViewController.m */; };
		0B2932782455313F0001D3E7 /* SMSSDKUIZonesResultViewController.m in Sources */ = {isa = PBXBuildFile; fileRef = 0B2932502455313F0001D3E7 /* SMSSDKUIZonesResultViewController.m */; };
		0B2932792455313F0001D3E7 /* SMSSDKUICommitCodeViewController.h in Headers */ = {isa = PBXBuildFile; fileRef = 0B2932512455313F0001D3E7 /* SMSSDKUICommitCodeViewController.h */; settings = {ATTRIBUTES = (Public, ); }; };
		0B29327A2455313F0001D3E7 /* SMSSDKAvatarSelectViewController.h in Headers */ = {isa = PBXBuildFile; fileRef = 0B2932522455313F0001D3E7 /* SMSSDKAvatarSelectViewController.h */; };
		0B29327B2455313F0001D3E7 /* SMSSDKUIGetCodeViewController_Private.h in Headers */ = {isa = PBXBuildFile; fileRef = 0B2932532455313F0001D3E7 /* SMSSDKUIGetCodeViewController_Private.h */; };
		0B29327C2455313F0001D3E7 /* SMSSDKUIInviteViewController.m in Sources */ = {isa = PBXBuildFile; fileRef = 0B2932542455313F0001D3E7 /* SMSSDKUIInviteViewController.m */; };
		0B29327D2455313F0001D3E7 /* SMSSDKUIBaseViewController.h in Headers */ = {isa = PBXBuildFile; fileRef = 0B2932552455313F0001D3E7 /* SMSSDKUIBaseViewController.h */; settings = {ATTRIBUTES = (Public, ); }; };
		0B29327E2455313F0001D3E7 /* SMSSDKUIContactFriendsViewController.m in Sources */ = {isa = PBXBuildFile; fileRef = 0B2932562455313F0001D3E7 /* SMSSDKUIContactFriendsViewController.m */; };
		0B29327F2455313F0001D3E7 /* SMSSDKUICommitCodeViewController_Private.h in Headers */ = {isa = PBXBuildFile; fileRef = 0B2932572455313F0001D3E7 /* SMSSDKUICommitCodeViewController_Private.h */; };
		0B2932802455313F0001D3E7 /* SMSSDKUIGetCodeViewController.m in Sources */ = {isa = PBXBuildFile; fileRef = 0B2932582455313F0001D3E7 /* SMSSDKUIGetCodeViewController.m */; };
		0B2932812455313F0001D3E7 /* SMSSDKUIBindUserInfoViewController.m in Sources */ = {isa = PBXBuildFile; fileRef = 0B2932592455313F0001D3E7 /* SMSSDKUIBindUserInfoViewController.m */; };
		0B2932822455313F0001D3E7 /* SMSSDKUIZonesViewController.h in Headers */ = {isa = PBXBuildFile; fileRef = 0B29325A2455313F0001D3E7 /* SMSSDKUIZonesViewController.h */; settings = {ATTRIBUTES = (Public, ); }; };
		0B2932832455313F0001D3E7 /* SMSSDKUIFriendsResultViewController.h in Headers */ = {isa = PBXBuildFile; fileRef = 0B29325B2455313F0001D3E7 /* SMSSDKUIFriendsResultViewController.h */; };
		0B2932842455313F0001D3E7 /* SMSSDKUICommitCodeViewController.m in Sources */ = {isa = PBXBuildFile; fileRef = 0B29325C2455313F0001D3E7 /* SMSSDKUICommitCodeViewController.m */; };
		0B2932852455313F0001D3E7 /* SMSSDKUIZonesResultViewController.h in Headers */ = {isa = PBXBuildFile; fileRef = 0B29325D2455313F0001D3E7 /* SMSSDKUIZonesResultViewController.h */; };
		0B2932862455313F0001D3E7 /* SMSSDKUIInviteViewController.h in Headers */ = {isa = PBXBuildFile; fileRef = 0B29325E2455313F0001D3E7 /* SMSSDKUIInviteViewController.h */; settings = {ATTRIBUTES = (Public, ); }; };
		0B2932872455313F0001D3E7 /* SMSSDKAvatarSelectViewController.m in Sources */ = {isa = PBXBuildFile; fileRef = 0B29325F2455313F0001D3E7 /* SMSSDKAvatarSelectViewController.m */; };
		0B2932882455313F0001D3E7 /* SMSSDKUIHelper.m in Sources */ = {isa = PBXBuildFile; fileRef = 0B2932612455313F0001D3E7 /* SMSSDKUIHelper.m */; };
		0B2932892455313F0001D3E7 /* SMSSDKUIProcessHUD.h in Headers */ = {isa = PBXBuildFile; fileRef = 0B2932622455313F0001D3E7 /* SMSSDKUIProcessHUD.h */; settings = {ATTRIBUTES = (Public, ); }; };
		0B29328A2455313F0001D3E7 /* SMSSDKUIHelper.h in Headers */ = {isa = PBXBuildFile; fileRef = 0B2932632455313F0001D3E7 /* SMSSDKUIHelper.h */; };
		0B29328B2455313F0001D3E7 /* SMSSDKUIPrefixHeader.pch in Headers */ = {isa = PBXBuildFile; fileRef = 0B2932642455313F0001D3E7 /* SMSSDKUIPrefixHeader.pch */; };
		0B29328C2455313F0001D3E7 /* SMSSDKUIProcessHUD.m in Sources */ = {isa = PBXBuildFile; fileRef = 0B2932652455313F0001D3E7 /* SMSSDKUIProcessHUD.m */; };
		0B2932A5245538BE0001D3E7 /* libc++.tbd in Frameworks */ = {isa = PBXBuildFile; fileRef = 0B2932A4245538BE0001D3E7 /* libc++.tbd */; };
		BC665A25289133BD009F253D /* MOBFoundation.framework in Frameworks */ = {isa = PBXBuildFile; fileRef = BC665A24289133BD009F253D /* MOBFoundation.framework */; };
		BCB4FD23286BF6D5006C847B /* account_login_sdk_noui_core.framework in Frameworks */ = {isa = PBXBuildFile; fileRef = BCB4FD18286BF6D5006C847B /* account_login_sdk_noui_core.framework */; };
		BCB4FD24286BF6D5006C847B /* EAccountHYSDK.framework in Frameworks */ = {isa = PBXBuildFile; fileRef = BCB4FD1A286BF6D5006C847B /* EAccountHYSDK.framework */; };
		BCB4FD25286BF6D5006C847B /* EAccountOpenPageResource.bundle in Resources */ = {isa = PBXBuildFile; fileRef = BCB4FD1B286BF6D5006C847B /* EAccountOpenPageResource.bundle */; };
		BCB4FD26286BF6D5006C847B /* TYRZUISDK.framework in Frameworks */ = {isa = PBXBuildFile; fileRef = BCB4FD1D286BF6D5006C847B /* TYRZUISDK.framework */; };
		BCB4FD27286BF6D5006C847B /* OAuth.framework in Frameworks */ = {isa = PBXBuildFile; fileRef = BCB4FD1F286BF6D5006C847B /* OAuth.framework */; };
		BCB4FD28286BF6D5006C847B /* SMS_SDK.framework in Frameworks */ = {isa = PBXBuildFile; fileRef = BCB4FD20286BF6D5006C847B /* SMS_SDK.framework */; };
/* End PBXBuildFile section */

/* Begin PBXContainerItemProxy section */
		0B6634AA245566AF00DF3B93 /* PBXContainerItemProxy */ = {
			isa = PBXContainerItemProxy;
			containerPortal = 0B293227245530820001D3E7 /* Project object */;
			proxyType = 1;
			remoteGlobalIDString = 0B29322F245530820001D3E7;
			remoteInfo = SMSSDKUI;
		};
/* End PBXContainerItemProxy section */

/* Begin PBXFileReference section */
		0B0E4F4F24553F8A008D02BE /* libz.tbd */ = {isa = PBXFileReference; lastKnownFileType = "sourcecode.text-based-dylib-definition"; name = libz.tbd; path = Platforms/MacOSX.platform/Developer/SDKs/MacOSX10.15.sdk/usr/lib/libz.tbd; sourceTree = DEVELOPER_DIR; };
		0B293230245530820001D3E7 /* SMSSDKUI.framework */ = {isa = PBXFileReference; explicitFileType = wrapper.framework; includeInIndex = 0; path = SMSSDKUI.framework; sourceTree = BUILT_PRODUCTS_DIR; };
		0B293233245530820001D3E7 /* SMSSDKUI.h */ = {isa = PBXFileReference; lastKnownFileType = sourcecode.c.h; path = SMSSDKUI.h; sourceTree = "<group>"; };
		0B293234245530820001D3E7 /* Info.plist */ = {isa = PBXFileReference; lastKnownFileType = text.plist.xml; path = Info.plist; sourceTree = "<group>"; };
		0B29323B2455313F0001D3E7 /* SMSGlobalManager.h */ = {isa = PBXFileReference; fileEncoding = 4; lastKnownFileType = sourcecode.c.h; path = SMSGlobalManager.h; sourceTree = "<group>"; };
		0B29323D2455313F0001D3E7 /* SMSSDKUISelectAvatarCell.m */ = {isa = PBXFileReference; fileEncoding = 4; lastKnownFileType = sourcecode.c.objc; path = SMSSDKUISelectAvatarCell.m; sourceTree = "<group>"; };
		0B29323E2455313F0001D3E7 /* SMSSDKUIContactTableViewCell.m */ = {isa = PBXFileReference; fileEncoding = 4; lastKnownFileType = sourcecode.c.objc; path = SMSSDKUIContactTableViewCell.m; sourceTree = "<group>"; };
		0B29323F2455313F0001D3E7 /* SMSSDKUIZonesCell.m */ = {isa = PBXFileReference; fileEncoding = 4; lastKnownFileType = sourcecode.c.objc; path = SMSSDKUIZonesCell.m; sourceTree = "<group>"; };
		0B2932402455313F0001D3E7 /* SMSSDKUISelectAvatarCell.h */ = {isa = PBXFileReference; fileEncoding = 4; lastKnownFileType = sourcecode.c.h; path = SMSSDKUISelectAvatarCell.h; sourceTree = "<group>"; };
		0B2932412455313F0001D3E7 /* SMSSDKUIContactTableViewCell.h */ = {isa = PBXFileReference; fileEncoding = 4; lastKnownFileType = sourcecode.c.h; path = SMSSDKUIContactTableViewCell.h; sourceTree = "<group>"; };
		0B2932422455313F0001D3E7 /* SMSSDKUIZonesCell.h */ = {isa = PBXFileReference; fileEncoding = 4; lastKnownFileType = sourcecode.c.h; path = SMSSDKUIZonesCell.h; sourceTree = "<group>"; };
		0B2932432455313F0001D3E7 /* SMSDefines.h */ = {isa = PBXFileReference; fileEncoding = 4; lastKnownFileType = sourcecode.c.h; path = SMSDefines.h; sourceTree = "<group>"; };
		0B2932452455313F0001D3E7 /* SMSSDKUIAvatarFLowLayout.m */ = {isa = PBXFileReference; fileEncoding = 4; lastKnownFileType = sourcecode.c.objc; path = SMSSDKUIAvatarFLowLayout.m; sourceTree = "<group>"; };
		0B2932462455313F0001D3E7 /* SMSSDKUIAvatarFLowLayout.h */ = {isa = PBXFileReference; fileEncoding = 4; lastKnownFileType = sourcecode.c.h; path = SMSSDKUIAvatarFLowLayout.h; sourceTree = "<group>"; };
		0B2932472455313F0001D3E7 /* SMSUserManager.h */ = {isa = PBXFileReference; fileEncoding = 4; lastKnownFileType = sourcecode.c.h; path = SMSUserManager.h; sourceTree = "<group>"; };
		0B2932482455313F0001D3E7 /* SMSUserManager.m */ = {isa = PBXFileReference; fileEncoding = 4; lastKnownFileType = sourcecode.c.objc; path = SMSUserManager.m; sourceTree = "<group>"; };
		0B29324A2455313F0001D3E7 /* SMSSDKUIZonesViewController.m */ = {isa = PBXFileReference; fileEncoding = 4; lastKnownFileType = sourcecode.c.objc; path = SMSSDKUIZonesViewController.m; sourceTree = "<group>"; };
		0B29324B2455313F0001D3E7 /* SMSSDKUIBindUserInfoViewController.h */ = {isa = PBXFileReference; fileEncoding = 4; lastKnownFileType = sourcecode.c.h; path = SMSSDKUIBindUserInfoViewController.h; sourceTree = "<group>"; };
		0B29324C2455313F0001D3E7 /* SMSSDKUIGetCodeViewController.h */ = {isa = PBXFileReference; fileEncoding = 4; lastKnownFileType = sourcecode.c.h; path = SMSSDKUIGetCodeViewController.h; sourceTree = "<group>"; };
		0B29324D2455313F0001D3E7 /* SMSSDKUIContactFriendsViewController.h */ = {isa = PBXFileReference; fileEncoding = 4; lastKnownFileType = sourcecode.c.h; path = SMSSDKUIContactFriendsViewController.h; sourceTree = "<group>"; };
		0B29324E2455313F0001D3E7 /* SMSSDKUIBaseViewController.m */ = {isa = PBXFileReference; fileEncoding = 4; lastKnownFileType = sourcecode.c.objc; path = SMSSDKUIBaseViewController.m; sourceTree = "<group>"; };
		0B29324F2455313F0001D3E7 /* SMSSDKUIFriendsResultViewController.m */ = {isa = PBXFileReference; fileEncoding = 4; lastKnownFileType = sourcecode.c.objc; path = SMSSDKUIFriendsResultViewController.m; sourceTree = "<group>"; };
		0B2932502455313F0001D3E7 /* SMSSDKUIZonesResultViewController.m */ = {isa = PBXFileReference; fileEncoding = 4; lastKnownFileType = sourcecode.c.objc; path = SMSSDKUIZonesResultViewController.m; sourceTree = "<group>"; };
		0B2932512455313F0001D3E7 /* SMSSDKUICommitCodeViewController.h */ = {isa = PBXFileReference; fileEncoding = 4; lastKnownFileType = sourcecode.c.h; path = SMSSDKUICommitCodeViewController.h; sourceTree = "<group>"; };
		0B2932522455313F0001D3E7 /* SMSSDKAvatarSelectViewController.h */ = {isa = PBXFileReference; fileEncoding = 4; lastKnownFileType = sourcecode.c.h; path = SMSSDKAvatarSelectViewController.h; sourceTree = "<group>"; };
		0B2932532455313F0001D3E7 /* SMSSDKUIGetCodeViewController_Private.h */ = {isa = PBXFileReference; fileEncoding = 4; lastKnownFileType = sourcecode.c.h; path = SMSSDKUIGetCodeViewController_Private.h; sourceTree = "<group>"; };
		0B2932542455313F0001D3E7 /* SMSSDKUIInviteViewController.m */ = {isa = PBXFileReference; fileEncoding = 4; lastKnownFileType = sourcecode.c.objc; path = SMSSDKUIInviteViewController.m; sourceTree = "<group>"; };
		0B2932552455313F0001D3E7 /* SMSSDKUIBaseViewController.h */ = {isa = PBXFileReference; fileEncoding = 4; lastKnownFileType = sourcecode.c.h; path = SMSSDKUIBaseViewController.h; sourceTree = "<group>"; };
		0B2932562455313F0001D3E7 /* SMSSDKUIContactFriendsViewController.m */ = {isa = PBXFileReference; fileEncoding = 4; lastKnownFileType = sourcecode.c.objc; path = SMSSDKUIContactFriendsViewController.m; sourceTree = "<group>"; };
		0B2932572455313F0001D3E7 /* SMSSDKUICommitCodeViewController_Private.h */ = {isa = PBXFileReference; fileEncoding = 4; lastKnownFileType = sourcecode.c.h; path = SMSSDKUICommitCodeViewController_Private.h; sourceTree = "<group>"; };
		0B2932582455313F0001D3E7 /* SMSSDKUIGetCodeViewController.m */ = {isa = PBXFileReference; fileEncoding = 4; lastKnownFileType = sourcecode.c.objc; path = SMSSDKUIGetCodeViewController.m; sourceTree = "<group>"; };
		0B2932592455313F0001D3E7 /* SMSSDKUIBindUserInfoViewController.m */ = {isa = PBXFileReference; fileEncoding = 4; lastKnownFileType = sourcecode.c.objc; path = SMSSDKUIBindUserInfoViewController.m; sourceTree = "<group>"; };
		0B29325A2455313F0001D3E7 /* SMSSDKUIZonesViewController.h */ = {isa = PBXFileReference; fileEncoding = 4; lastKnownFileType = sourcecode.c.h; path = SMSSDKUIZonesViewController.h; sourceTree = "<group>"; };
		0B29325B2455313F0001D3E7 /* SMSSDKUIFriendsResultViewController.h */ = {isa = PBXFileReference; fileEncoding = 4; lastKnownFileType = sourcecode.c.h; path = SMSSDKUIFriendsResultViewController.h; sourceTree = "<group>"; };
		0B29325C2455313F0001D3E7 /* SMSSDKUICommitCodeViewController.m */ = {isa = PBXFileReference; fileEncoding = 4; lastKnownFileType = sourcecode.c.objc; path = SMSSDKUICommitCodeViewController.m; sourceTree = "<group>"; };
		0B29325D2455313F0001D3E7 /* SMSSDKUIZonesResultViewController.h */ = {isa = PBXFileReference; fileEncoding = 4; lastKnownFileType = sourcecode.c.h; path = SMSSDKUIZonesResultViewController.h; sourceTree = "<group>"; };
		0B29325E2455313F0001D3E7 /* SMSSDKUIInviteViewController.h */ = {isa = PBXFileReference; fileEncoding = 4; lastKnownFileType = sourcecode.c.h; path = SMSSDKUIInviteViewController.h; sourceTree = "<group>"; };
		0B29325F2455313F0001D3E7 /* SMSSDKAvatarSelectViewController.m */ = {isa = PBXFileReference; fileEncoding = 4; lastKnownFileType = sourcecode.c.objc; path = SMSSDKAvatarSelectViewController.m; sourceTree = "<group>"; };
		0B2932612455313F0001D3E7 /* SMSSDKUIHelper.m */ = {isa = PBXFileReference; fileEncoding = 4; lastKnownFileType = sourcecode.c.objc; path = SMSSDKUIHelper.m; sourceTree = "<group>"; };
		0B2932622455313F0001D3E7 /* SMSSDKUIProcessHUD.h */ = {isa = PBXFileReference; fileEncoding = 4; lastKnownFileType = sourcecode.c.h; path = SMSSDKUIProcessHUD.h; sourceTree = "<group>"; };
		0B2932632455313F0001D3E7 /* SMSSDKUIHelper.h */ = {isa = PBXFileReference; fileEncoding = 4; lastKnownFileType = sourcecode.c.h; path = SMSSDKUIHelper.h; sourceTree = "<group>"; };
		0B2932642455313F0001D3E7 /* SMSSDKUIPrefixHeader.pch */ = {isa = PBXFileReference; fileEncoding = 4; lastKnownFileType = sourcecode.c.h; path = SMSSDKUIPrefixHeader.pch; sourceTree = "<group>"; };
		0B2932652455313F0001D3E7 /* SMSSDKUIProcessHUD.m */ = {isa = PBXFileReference; fileEncoding = 4; lastKnownFileType = sourcecode.c.objc; path = SMSSDKUIProcessHUD.m; sourceTree = "<group>"; };
		0B2932A4245538BE0001D3E7 /* libc++.tbd */ = {isa = PBXFileReference; lastKnownFileType = "sourcecode.text-based-dylib-definition"; name = "libc++.tbd"; path = "usr/lib/libc++.tbd"; sourceTree = SDKROOT; };
		BC665A24289133BD009F253D /* MOBFoundation.framework */ = {isa = PBXFileReference; lastKnownFileType = wrapper.framework; path = MOBFoundation.framework; sourceTree = "<group>"; };
		BCB4FD18286BF6D5006C847B /* account_login_sdk_noui_core.framework */ = {isa = PBXFileReference; lastKnownFileType = wrapper.framework; path = account_login_sdk_noui_core.framework; sourceTree = "<group>"; };
		BCB4FD1A286BF6D5006C847B /* EAccountHYSDK.framework */ = {isa = PBXFileReference; lastKnownFileType = wrapper.framework; path = EAccountHYSDK.framework; sourceTree = "<group>"; };
		BCB4FD1B286BF6D5006C847B /* EAccountOpenPageResource.bundle */ = {isa = PBXFileReference; lastKnownFileType = "wrapper.plug-in"; path = EAccountOpenPageResource.bundle; sourceTree = "<group>"; };
		BCB4FD1D286BF6D5006C847B /* TYRZUISDK.framework */ = {isa = PBXFileReference; lastKnownFileType = wrapper.framework; path = TYRZUISDK.framework; sourceTree = "<group>"; };
		BCB4FD1F286BF6D5006C847B /* OAuth.framework */ = {isa = PBXFileReference; lastKnownFileType = wrapper.framework; path = OAuth.framework; sourceTree = "<group>"; };
		BCB4FD20286BF6D5006C847B /* SMS_SDK.framework */ = {isa = PBXFileReference; lastKnownFileType = wrapper.framework; path = SMS_SDK.framework; sourceTree = "<group>"; };
/* End PBXFileReference section */

/* Begin PBXFrameworksBuildPhase section */
		0B29322D245530820001D3E7 /* Frameworks */ = {
			isa = PBXFrameworksBuildPhase;
			buildActionMask = 2147483647;
			files = (
				BC665A25289133BD009F253D /* MOBFoundation.framework in Frameworks */,
				BCB4FD27286BF6D5006C847B /* OAuth.framework in Frameworks */,
				BCB4FD24286BF6D5006C847B /* EAccountHYSDK.framework in Frameworks */,
				0B0E4F5024553F8A008D02BE /* libz.tbd in Frameworks */,
				BCB4FD26286BF6D5006C847B /* TYRZUISDK.framework in Frameworks */,
				BCB4FD28286BF6D5006C847B /* SMS_SDK.framework in Frameworks */,
				BCB4FD23286BF6D5006C847B /* account_login_sdk_noui_core.framework in Frameworks */,
				0B2932A5245538BE0001D3E7 /* libc++.tbd in Frameworks */,
			);
			runOnlyForDeploymentPostprocessing = 0;
		};
/* End PBXFrameworksBuildPhase section */

/* Begin PBXGroup section */
		0B293226245530820001D3E7 = {
			isa = PBXGroup;
			children = (
				0B293232245530820001D3E7 /* SMSSDKUI */,
				0B293231245530820001D3E7 /* Products */,
				0B2932A3245538BD0001D3E7 /* Frameworks */,
			);
			sourceTree = "<group>";
		};
		0B293231245530820001D3E7 /* Products */ = {
			isa = PBXGroup;
			children = (
				0B293230245530820001D3E7 /* SMSSDKUI.framework */,
			);
			name = Products;
			sourceTree = "<group>";
		};
		0B293232245530820001D3E7 /* SMSSDKUI */ = {
			isa = PBXGroup;
			children = (
				BCB4FD14286BF6D5006C847B /* SDK */,
				0B29323C2455313F0001D3E7 /* Cell */,
				0B2932492455313F0001D3E7 /* Controllers */,
				0B2932442455313F0001D3E7 /* Layout */,
				0B2932432455313F0001D3E7 /* SMSDefines.h */,
				0B29323B2455313F0001D3E7 /* SMSGlobalManager.h */,
				0B2932472455313F0001D3E7 /* SMSUserManager.h */,
				0B2932482455313F0001D3E7 /* SMSUserManager.m */,
				0B2932602455313F0001D3E7 /* Util */,
				0B293233245530820001D3E7 /* SMSSDKUI.h */,
				0B293234245530820001D3E7 /* Info.plist */,
			);
			path = SMSSDKUI;
			sourceTree = "<group>";
		};
		0B29323C2455313F0001D3E7 /* Cell */ = {
			isa = PBXGroup;
			children = (
				0B29323D2455313F0001D3E7 /* SMSSDKUISelectAvatarCell.m */,
				0B29323E2455313F0001D3E7 /* SMSSDKUIContactTableViewCell.m */,
				0B29323F2455313F0001D3E7 /* SMSSDKUIZonesCell.m */,
				0B2932402455313F0001D3E7 /* SMSSDKUISelectAvatarCell.h */,
				0B2932412455313F0001D3E7 /* SMSSDKUIContactTableViewCell.h */,
				0B2932422455313F0001D3E7 /* SMSSDKUIZonesCell.h */,
			);
			path = Cell;
			sourceTree = "<group>";
		};
		0B2932442455313F0001D3E7 /* Layout */ = {
			isa = PBXGroup;
			children = (
				0B2932452455313F0001D3E7 /* SMSSDKUIAvatarFLowLayout.m */,
				0B2932462455313F0001D3E7 /* SMSSDKUIAvatarFLowLayout.h */,
			);
			path = Layout;
			sourceTree = "<group>";
		};
		0B2932492455313F0001D3E7 /* Controllers */ = {
			isa = PBXGroup;
			children = (
				0B2932522455313F0001D3E7 /* SMSSDKAvatarSelectViewController.h */,
				0B29325F2455313F0001D3E7 /* SMSSDKAvatarSelectViewController.m */,
				0B2932552455313F0001D3E7 /* SMSSDKUIBaseViewController.h */,
				0B29324E2455313F0001D3E7 /* SMSSDKUIBaseViewController.m */,
				0B29324B2455313F0001D3E7 /* SMSSDKUIBindUserInfoViewController.h */,
				0B2932592455313F0001D3E7 /* SMSSDKUIBindUserInfoViewController.m */,
				0B2932512455313F0001D3E7 /* SMSSDKUICommitCodeViewController.h */,
				0B29325C2455313F0001D3E7 /* SMSSDKUICommitCodeViewController.m */,
				0B2932572455313F0001D3E7 /* SMSSDKUICommitCodeViewController_Private.h */,
				0B29324D2455313F0001D3E7 /* SMSSDKUIContactFriendsViewController.h */,
				0B2932562455313F0001D3E7 /* SMSSDKUIContactFriendsViewController.m */,
				0B29325B2455313F0001D3E7 /* SMSSDKUIFriendsResultViewController.h */,
				0B29324F2455313F0001D3E7 /* SMSSDKUIFriendsResultViewController.m */,
				0B29324C2455313F0001D3E7 /* SMSSDKUIGetCodeViewController.h */,
				0B2932582455313F0001D3E7 /* SMSSDKUIGetCodeViewController.m */,
				0B2932532455313F0001D3E7 /* SMSSDKUIGetCodeViewController_Private.h */,
				0B29325E2455313F0001D3E7 /* SMSSDKUIInviteViewController.h */,
				0B2932542455313F0001D3E7 /* SMSSDKUIInviteViewController.m */,
				0B29325D2455313F0001D3E7 /* SMSSDKUIZonesResultViewController.h */,
				0B2932502455313F0001D3E7 /* SMSSDKUIZonesResultViewController.m */,
				0B29325A2455313F0001D3E7 /* SMSSDKUIZonesViewController.h */,
				0B29324A2455313F0001D3E7 /* SMSSDKUIZonesViewController.m */,
			);
			path = Controllers;
			sourceTree = "<group>";
		};
		0B2932602455313F0001D3E7 /* Util */ = {
			isa = PBXGroup;
			children = (
				0B2932612455313F0001D3E7 /* SMSSDKUIHelper.m */,
				0B2932622455313F0001D3E7 /* SMSSDKUIProcessHUD.h */,
				0B2932632455313F0001D3E7 /* SMSSDKUIHelper.h */,
				0B2932642455313F0001D3E7 /* SMSSDKUIPrefixHeader.pch */,
				0B2932652455313F0001D3E7 /* SMSSDKUIProcessHUD.m */,
			);
			path = Util;
			sourceTree = "<group>";
		};
		0B2932A3245538BD0001D3E7 /* Frameworks */ = {
			isa = PBXGroup;
			children = (
				0B0E4F4F24553F8A008D02BE /* libz.tbd */,
				0B2932A4245538BE0001D3E7 /* libc++.tbd */,
			);
			name = Frameworks;
			sourceTree = "<group>";
		};
		BCB4FD14286BF6D5006C847B /* SDK */ = {
			isa = PBXGroup;
			children = (
				BCB4FD15286BF6D5006C847B /* SMSSDK */,
				BCB4FD21286BF6D5006C847B /* Required */,
			);
			name = SDK;
			path = ../../../../SDK;
			sourceTree = "<group>";
		};
		BCB4FD15286BF6D5006C847B /* SMSSDK */ = {
			isa = PBXGroup;
			children = (
				BCB4FD16286BF6D5006C847B /* PlatformSDK */,
				BCB4FD20286BF6D5006C847B /* SMS_SDK.framework */,
			);
			path = SMSSDK;
			sourceTree = "<group>";
		};
		BCB4FD16286BF6D5006C847B /* PlatformSDK */ = {
			isa = PBXGroup;
			children = (
				BCB4FD17286BF6D5006C847B /* UnionWoStore */,
				BCB4FD19286BF6D5006C847B /* Telecom */,
				BCB4FD1C286BF6D5006C847B /* Mobile */,
				BCB4FD1E286BF6D5006C847B /* Union */,
			);
			path = PlatformSDK;
			sourceTree = "<group>";
		};
		BCB4FD17286BF6D5006C847B /* UnionWoStore */ = {
			isa = PBXGroup;
			children = (
				BCB4FD18286BF6D5006C847B /* account_login_sdk_noui_core.framework */,
			);
			path = UnionWoStore;
			sourceTree = "<group>";
		};
		BCB4FD19286BF6D5006C847B /* Telecom */ = {
			isa = PBXGroup;
			children = (
				BCB4FD1A286BF6D5006C847B /* EAccountHYSDK.framework */,
				BCB4FD1B286BF6D5006C847B /* EAccountOpenPageResource.bundle */,
			);
			path = Telecom;
			sourceTree = "<group>";
		};
		BCB4FD1C286BF6D5006C847B /* Mobile */ = {
			isa = PBXGroup;
			children = (
				BCB4FD1D286BF6D5006C847B /* TYRZUISDK.framework */,
			);
			path = Mobile;
			sourceTree = "<group>";
		};
		BCB4FD1E286BF6D5006C847B /* Union */ = {
			isa = PBXGroup;
			children = (
				BCB4FD1F286BF6D5006C847B /* OAuth.framework */,
			);
			path = Union;
			sourceTree = "<group>";
		};
		BCB4FD21286BF6D5006C847B /* Required */ = {
			isa = PBXGroup;
			children = (
				BC665A24289133BD009F253D /* MOBFoundation.framework */,
			);
			path = Required;
			sourceTree = "<group>";
		};
/* End PBXGroup section */

/* Begin PBXHeadersBuildPhase section */
		0B29322B245530820001D3E7 /* Headers */ = {
			isa = PBXHeadersBuildPhase;
			buildActionMask = 2147483647;
			files = (
				0B2932852455313F0001D3E7 /* SMSSDKUIZonesResultViewController.h in Headers */,
				0B2932742455313F0001D3E7 /* SMSSDKUIGetCodeViewController.h in Headers */,
				0B2932792455313F0001D3E7 /* SMSSDKUICommitCodeViewController.h in Headers */,
				0B2932822455313F0001D3E7 /* SMSSDKUIZonesViewController.h in Headers */,
				0B2932862455313F0001D3E7 /* SMSSDKUIInviteViewController.h in Headers */,
				0B2932892455313F0001D3E7 /* SMSSDKUIProcessHUD.h in Headers */,
				0B29326D2455313F0001D3E7 /* SMSDefines.h in Headers */,
				0B29327D2455313F0001D3E7 /* SMSSDKUIBaseViewController.h in Headers */,
				0B2932752455313F0001D3E7 /* SMSSDKUIContactFriendsViewController.h in Headers */,
				0B29327F2455313F0001D3E7 /* SMSSDKUICommitCodeViewController_Private.h in Headers */,
				0B2932832455313F0001D3E7 /* SMSSDKUIFriendsResultViewController.h in Headers */,
				0B29326A2455313F0001D3E7 /* SMSSDKUISelectAvatarCell.h in Headers */,
				0B29326C2455313F0001D3E7 /* SMSSDKUIZonesCell.h in Headers */,
				0B29327B2455313F0001D3E7 /* SMSSDKUIGetCodeViewController_Private.h in Headers */,
				0B29328A2455313F0001D3E7 /* SMSSDKUIHelper.h in Headers */,
				0B29327A2455313F0001D3E7 /* SMSSDKAvatarSelectViewController.h in Headers */,
				0B29328B2455313F0001D3E7 /* SMSSDKUIPrefixHeader.pch in Headers */,
				0B293235245530820001D3E7 /* SMSSDKUI.h in Headers */,
				0B2932702455313F0001D3E7 /* SMSUserManager.h in Headers */,
				0B29326B2455313F0001D3E7 /* SMSSDKUIContactTableViewCell.h in Headers */,
				0B2932732455313F0001D3E7 /* SMSSDKUIBindUserInfoViewController.h in Headers */,
				0B2932662455313F0001D3E7 /* SMSGlobalManager.h in Headers */,
				0B29326F2455313F0001D3E7 /* SMSSDKUIAvatarFLowLayout.h in Headers */,
			);
			runOnlyForDeploymentPostprocessing = 0;
		};
/* End PBXHeadersBuildPhase section */

/* Begin PBXNativeTarget section */
		0B29322F245530820001D3E7 /* SMSSDKUI */ = {
			isa = PBXNativeTarget;
			buildConfigurationList = 0B293238245530820001D3E7 /* Build configuration list for PBXNativeTarget "SMSSDKUI" */;
			buildPhases = (
				0B29322B245530820001D3E7 /* Headers */,
				0B29322C245530820001D3E7 /* Sources */,
				0B29322D245530820001D3E7 /* Frameworks */,
				0B29322E245530820001D3E7 /* Resources */,
			);
			buildRules = (
			);
			dependencies = (
			);
			name = SMSSDKUI;
			productName = SMSSDKUI;
			productReference = 0B293230245530820001D3E7 /* SMSSDKUI.framework */;
			productType = "com.apple.product-type.framework";
		};
/* End PBXNativeTarget section */

/* Begin PBXProject section */
		0B293227245530820001D3E7 /* Project object */ = {
			isa = PBXProject;
			attributes = {
				LastUpgradeCheck = 1000;
				ORGANIZATIONNAME = mobTech;
				TargetAttributes = {
					0B29322F245530820001D3E7 = {
						CreatedOnToolsVersion = 10.0;
					};
					0B293294245533B10001D3E7 = {
						CreatedOnToolsVersion = 10.0;
					};
					BCB4FD0F286BF072006C847B = {
						CreatedOnToolsVersion = 13.3.1;
					};
				};
			};
			buildConfigurationList = 0B29322A245530820001D3E7 /* Build configuration list for PBXProject "SMSSDKUI" */;
			compatibilityVersion = "Xcode 9.3";
			developmentRegion = en;
			hasScannedForEncodings = 0;
			knownRegions = (
				en,
			);
			mainGroup = 0B293226245530820001D3E7;
			productRefGroup = 0B293231245530820001D3E7 /* Products */;
			projectDirPath = "";
			projectRoot = "";
			targets = (
				0B29322F245530820001D3E7 /* SMSSDKUI */,
				0B293294245533B10001D3E7 /* CreatePackage_UI */,
				BCB4FD0F286BF072006C847B /* CreatePackage_UI_M1 */,
			);
		};
/* End PBXProject section */

/* Begin PBXResourcesBuildPhase section */
		0B29322E245530820001D3E7 /* Resources */ = {
			isa = PBXResourcesBuildPhase;
			buildActionMask = 2147483647;
			files = (
				BCB4FD25286BF6D5006C847B /* EAccountOpenPageResource.bundle in Resources */,
			);
			runOnlyForDeploymentPostprocessing = 0;
		};
/* End PBXResourcesBuildPhase section */

/* Begin PBXShellScriptBuildPhase section */
		0B293298245533BA0001D3E7 /* ShellScript */ = {
			isa = PBXShellScriptBuildPhase;
			buildActionMask = 2147483647;
			files = (
			);
			inputFileListPaths = (
			);
			inputPaths = (
			);
			outputFileListPaths = (
			);
			outputPaths = (
			);
			runOnlyForDeploymentPostprocessing = 0;
			shellPath = /bin/sh;
			shellScript = "# Type a script or drag a script file from your workspace to insert its path.\n\n# Sets the target folders and the final framework product.\nFMK_NAME=${PROJECT_NAME}\n\n# Install dir will be the final output to the framework.\n# The following line create it in the root folder of the current project.\nINSTALL_BASE_DIR=${SRCROOT}/../SMSSDKUIPackage\nINSTALL_DIR=${INSTALL_BASE_DIR}/${FMK_NAME}.framework\n\n# Working dir will be deleted after the framework creation.\nWRK_DIR=build\nDEVICE_DIR=${WRK_DIR}/Release-iphoneos/${FMK_NAME}.framework\nSIMULATOR_DIR=${WRK_DIR}/Release-iphonesimulator/${FMK_NAME}.framework\n\n# -configuration ${CONFIGURATION}\n# Clean and Building both architectures.\nxcodebuild BITCODE_GENERATION_MODE=bitcode OTHER_CFLAGS=\"-fembed-bitcode\" -arch \"armv7s\" -arch \"armv7\" -arch \"arm64\" -configuration \"Release\" -target \"${FMK_NAME}\" -sdk iphoneos build\nxcodebuild BITCODE_GENERATION_MODE=bitcode OTHER_CFLAGS=\"-fembed-bitcode\" -arch \"i386\" -arch \"x86_64\" -configuration \"Release\" -target \"${FMK_NAME}\" -sdk iphonesimulator build\n\n# Cleaning the oldest.\nif [ -d \"${INSTALL_DIR}\" ]\nthen\nrm -rf \"${INSTALL_DIR}\"\nfi\n\nmkdir -p \"${INSTALL_DIR}\"\n\ncp -R \"${DEVICE_DIR}/\" \"${INSTALL_DIR}/\"\n\n# Uses the Lipo Tool to merge both binary files (i386 + armv6/armv7) into one Universal final product.\nlipo -create \"${DEVICE_DIR}/${FMK_NAME}\" \"${SIMULATOR_DIR}/${FMK_NAME}\" -output \"${INSTALL_DIR}/${FMK_NAME}\"\n\nrm -r \"${WRK_DIR}\"\n";
		};
		BCB4FD13286BF077006C847B /* ShellScript */ = {
			isa = PBXShellScriptBuildPhase;
			buildActionMask = 2147483647;
			files = (
			);
			inputFileListPaths = (
			);
			inputPaths = (
			);
			outputFileListPaths = (
			);
			outputPaths = (
			);
			runOnlyForDeploymentPostprocessing = 0;
			shellPath = /bin/sh;
			shellScript = "# Sets the target folders and the final framework product.\nFMK_NAME=${PROJECT_NAME}\n\n# Install dir will be the final output to the framework.\n# The following line create it in the root folder of the current project.\nINSTALL_BASE_DIR=${SRCROOT}/../../../SMSSDKUIPackage_M1\nINSTALL_DIR=${INSTALL_BASE_DIR}/${FMK_NAME}.xcframework\n\n# Working dir will be deleted after the framework creation.\nWRK_DIR=build\nDEVICE_DIR=${WRK_DIR}/Release-iphoneos/${FMK_NAME}.framework\nSIMULATOR_DIR=${WRK_DIR}/Release-iphonesimulator/${FMK_NAME}.framework\n\n# -configuration ${CONFIGURATION}\n# Clean and Building both architectures.\nxcodebuild BITCODE_GENERATION_MODE=bitcode OTHER_CFLAGS=\"-fembed-bitcode\" -arch \"armv7s\" -arch \"armv7\" -arch \"arm64\" -configuration \"Release\" -target \"${FMK_NAME}\" -sdk iphoneos build\nxcodebuild BITCODE_GENERATION_MODE=bitcode OTHER_CFLAGS=\"-fembed-bitcode\" -arch \"i386\" -arch \"x86_64\" -arch \"arm64\" -configuration \"Release\" -target \"${FMK_NAME}\" -sdk iphonesimulator build\n\n# Cleaning the oldest.\nif [ -d \"${INSTALL_DIR}\" ]\nthen\nrm -rf \"${INSTALL_DIR}\"\nfi\n\nmkdir -p \"${INSTALL_DIR}\"\n\n# Uses the Lipo Tool to merge both binary files (i386 + armv6/armv7) into one Universal final product.\nxcodebuild -create-xcframework\\\n           -framework \"${DEVICE_DIR}\"\\\n           -framework \"${SIMULATOR_DIR}\"\\\n           -output \"${INSTALL_DIR}\"\n\nrm -r \"${WRK_DIR}\"\n";
		};
/* End PBXShellScriptBuildPhase section */

/* Begin PBXSourcesBuildPhase section */
		0B29322C245530820001D3E7 /* Sources */ = {
			isa = PBXSourcesBuildPhase;
			buildActionMask = 2147483647;
			files = (
				0B2932692455313F0001D3E7 /* SMSSDKUIZonesCell.m in Sources */,
				0B2932722455313F0001D3E7 /* SMSSDKUIZonesViewController.m in Sources */,
				0B2932812455313F0001D3E7 /* SMSSDKUIBindUserInfoViewController.m in Sources */,
				0B29326E2455313F0001D3E7 /* SMSSDKUIAvatarFLowLayout.m in Sources */,
				0B29328C2455313F0001D3E7 /* SMSSDKUIProcessHUD.m in Sources */,
				0B29327E2455313F0001D3E7 /* SMSSDKUIContactFriendsViewController.m in Sources */,
				0B2932872455313F0001D3E7 /* SMSSDKAvatarSelectViewController.m in Sources */,
				0B2932762455313F0001D3E7 /* SMSSDKUIBaseViewController.m in Sources */,
				0B2932772455313F0001D3E7 /* SMSSDKUIFriendsResultViewController.m in Sources */,
				0B2932672455313F0001D3E7 /* SMSSDKUISelectAvatarCell.m in Sources */,
				0B2932712455313F0001D3E7 /* SMSUserManager.m in Sources */,
				0B2932842455313F0001D3E7 /* SMSSDKUICommitCodeViewController.m in Sources */,
				0B2932782455313F0001D3E7 /* SMSSDKUIZonesResultViewController.m in Sources */,
				0B29327C2455313F0001D3E7 /* SMSSDKUIInviteViewController.m in Sources */,
				0B2932682455313F0001D3E7 /* SMSSDKUIContactTableViewCell.m in Sources */,
				0B2932882455313F0001D3E7 /* SMSSDKUIHelper.m in Sources */,
				0B2932802455313F0001D3E7 /* SMSSDKUIGetCodeViewController.m in Sources */,
			);
			runOnlyForDeploymentPostprocessing = 0;
		};
/* End PBXSourcesBuildPhase section */

/* Begin PBXTargetDependency section */
		0B6634AB245566AF00DF3B93 /* PBXTargetDependency */ = {
			isa = PBXTargetDependency;
			target = 0B29322F245530820001D3E7 /* SMSSDKUI */;
			targetProxy = 0B6634AA245566AF00DF3B93 /* PBXContainerItemProxy */;
		};
/* End PBXTargetDependency section */

/* Begin XCBuildConfiguration section */
		0B293236245530820001D3E7 /* Debug */ = {
			isa = XCBuildConfiguration;
			buildSettings = {
				ALWAYS_SEARCH_USER_PATHS = NO;
				CLANG_ANALYZER_NONNULL = YES;
				CLANG_ANALYZER_NUMBER_OBJECT_CONVERSION = YES_AGGRESSIVE;
				CLANG_CXX_LANGUAGE_STANDARD = "gnu++14";
				CLANG_CXX_LIBRARY = "libc++";
				CLANG_ENABLE_MODULES = YES;
				CLANG_ENABLE_OBJC_ARC = YES;
				CLANG_ENABLE_OBJC_WEAK = YES;
				CLANG_WARN_BLOCK_CAPTURE_AUTORELEASING = YES;
				CLANG_WARN_BOOL_CONVERSION = YES;
				CLANG_WARN_COMMA = YES;
				CLANG_WARN_CONSTANT_CONVERSION = YES;
				CLANG_WARN_DEPRECATED_OBJC_IMPLEMENTATIONS = YES;
				CLANG_WARN_DIRECT_OBJC_ISA_USAGE = YES_ERROR;
				CLANG_WARN_DOCUMENTATION_COMMENTS = YES;
				CLANG_WARN_EMPTY_BODY = YES;
				CLANG_WARN_ENUM_CONVERSION = YES;
				CLANG_WARN_INFINITE_RECURSION = YES;
				CLANG_WARN_INT_CONVERSION = YES;
				CLANG_WARN_NON_LITERAL_NULL_CONVERSION = YES;
				CLANG_WARN_OBJC_IMPLICIT_RETAIN_SELF = YES;
				CLANG_WARN_OBJC_LITERAL_CONVERSION = YES;
				CLANG_WARN_OBJC_ROOT_CLASS = YES_ERROR;
				CLANG_WARN_RANGE_LOOP_ANALYSIS = YES;
				CLANG_WARN_STRICT_PROTOTYPES = YES;
				CLANG_WARN_SUSPICIOUS_MOVE = YES;
				CLANG_WARN_UNGUARDED_AVAILABILITY = YES_AGGRESSIVE;
				CLANG_WARN_UNREACHABLE_CODE = YES;
				CLANG_WARN__DUPLICATE_METHOD_MATCH = YES;
				CODE_SIGN_IDENTITY = "iPhone Developer";
				COPY_PHASE_STRIP = NO;
				CURRENT_PROJECT_VERSION = 1;
				DEBUG_INFORMATION_FORMAT = dwarf;
				ENABLE_STRICT_OBJC_MSGSEND = YES;
				ENABLE_TESTABILITY = YES;
				GCC_C_LANGUAGE_STANDARD = gnu11;
				GCC_DYNAMIC_NO_PIC = NO;
				GCC_NO_COMMON_BLOCKS = YES;
				GCC_OPTIMIZATION_LEVEL = 0;
				GCC_PREPROCESSOR_DEFINITIONS = (
					"DEBUG=1",
					"$(inherited)",
				);
				GCC_WARN_64_TO_32_BIT_CONVERSION = YES;
				GCC_WARN_ABOUT_RETURN_TYPE = YES_ERROR;
				GCC_WARN_UNDECLARED_SELECTOR = YES;
				GCC_WARN_UNINITIALIZED_AUTOS = YES_AGGRESSIVE;
				GCC_WARN_UNUSED_FUNCTION = YES;
				GCC_WARN_UNUSED_VARIABLE = YES;
				IPHONEOS_DEPLOYMENT_TARGET = 8.0;
				MTL_ENABLE_DEBUG_INFO = INCLUDE_SOURCE;
				MTL_FAST_MATH = YES;
				ONLY_ACTIVE_ARCH = YES;
				SDKROOT = iphoneos;
				VERSIONING_SYSTEM = "apple-generic";
				VERSION_INFO_PREFIX = "";
			};
			name = Debug;
		};
		0B293237245530820001D3E7 /* Release */ = {
			isa = XCBuildConfiguration;
			buildSettings = {
				ALWAYS_SEARCH_USER_PATHS = NO;
				CLANG_ANALYZER_NONNULL = YES;
				CLANG_ANALYZER_NUMBER_OBJECT_CONVERSION = YES_AGGRESSIVE;
				CLANG_CXX_LANGUAGE_STANDARD = "gnu++14";
				CLANG_CXX_LIBRARY = "libc++";
				CLANG_ENABLE_MODULES = YES;
				CLANG_ENABLE_OBJC_ARC = YES;
				CLANG_ENABLE_OBJC_WEAK = YES;
				CLANG_WARN_BLOCK_CAPTURE_AUTORELEASING = YES;
				CLANG_WARN_BOOL_CONVERSION = YES;
				CLANG_WARN_COMMA = YES;
				CLANG_WARN_CONSTANT_CONVERSION = YES;
				CLANG_WARN_DEPRECATED_OBJC_IMPLEMENTATIONS = YES;
				CLANG_WARN_DIRECT_OBJC_ISA_USAGE = YES_ERROR;
				CLANG_WARN_DOCUMENTATION_COMMENTS = YES;
				CLANG_WARN_EMPTY_BODY = YES;
				CLANG_WARN_ENUM_CONVERSION = YES;
				CLANG_WARN_INFINITE_RECURSION = YES;
				CLANG_WARN_INT_CONVERSION = YES;
				CLANG_WARN_NON_LITERAL_NULL_CONVERSION = YES;
				CLANG_WARN_OBJC_IMPLICIT_RETAIN_SELF = YES;
				CLANG_WARN_OBJC_LITERAL_CONVERSION = YES;
				CLANG_WARN_OBJC_ROOT_CLASS = YES_ERROR;
				CLANG_WARN_RANGE_LOOP_ANALYSIS = YES;
				CLANG_WARN_STRICT_PROTOTYPES = YES;
				CLANG_WARN_SUSPICIOUS_MOVE = YES;
				CLANG_WARN_UNGUARDED_AVAILABILITY = YES_AGGRESSIVE;
				CLANG_WARN_UNREACHABLE_CODE = YES;
				CLANG_WARN__DUPLICATE_METHOD_MATCH = YES;
				CODE_SIGN_IDENTITY = "iPhone Developer";
				COPY_PHASE_STRIP = NO;
				CURRENT_PROJECT_VERSION = 1;
				DEBUG_INFORMATION_FORMAT = "dwarf-with-dsym";
				ENABLE_NS_ASSERTIONS = NO;
				ENABLE_STRICT_OBJC_MSGSEND = YES;
				GCC_C_LANGUAGE_STANDARD = gnu11;
				GCC_NO_COMMON_BLOCKS = YES;
				GCC_WARN_64_TO_32_BIT_CONVERSION = YES;
				GCC_WARN_ABOUT_RETURN_TYPE = YES_ERROR;
				GCC_WARN_UNDECLARED_SELECTOR = YES;
				GCC_WARN_UNINITIALIZED_AUTOS = YES_AGGRESSIVE;
				GCC_WARN_UNUSED_FUNCTION = YES;
				GCC_WARN_UNUSED_VARIABLE = YES;
				IPHONEOS_DEPLOYMENT_TARGET = 8.0;
				MTL_ENABLE_DEBUG_INFO = NO;
				MTL_FAST_MATH = YES;
				SDKROOT = iphoneos;
				VALIDATE_PRODUCT = YES;
				VERSIONING_SYSTEM = "apple-generic";
				VERSION_INFO_PREFIX = "";
			};
			name = Release;
		};
		0B293239245530820001D3E7 /* Debug */ = {
			isa = XCBuildConfiguration;
			buildSettings = {
				CLANG_WARN_PRIVATE_MODULE = YES;
				CODE_SIGN_IDENTITY = "";
				CODE_SIGN_STYLE = Automatic;
				DEAD_CODE_STRIPPING = NO;
				DEFINES_MODULE = NO;
				DYLIB_COMPATIBILITY_VERSION = "";
				DYLIB_CURRENT_VERSION = "";
				DYLIB_INSTALL_NAME_BASE = "";
				EXCLUDED_ARCHS = armv7s;
				FRAMEWORK_SEARCH_PATHS = "\"$(SRCROOT)/../../../SDK\"/**";
				GCC_PRECOMPILE_PREFIX_HEADER = YES;
				GCC_PREFIX_HEADER = SMSSDKUI/Util/SMSSDKUIPrefixHeader.pch;
				HEADER_SEARCH_PATHS = "\"$(SRCROOT)/../../../SDK\"/**";
				INFOPLIST_FILE = SMSSDKUI/Info.plist;
				INSTALL_PATH = "$(LOCAL_LIBRARY_DIR)/Frameworks";
				IPHONEOS_DEPLOYMENT_TARGET = 8.0;
				LD_RUNPATH_SEARCH_PATHS = "";
				MACH_O_TYPE = staticlib;
				MARKETING_VERSION = 3.3.5;
				OTHER_LDFLAGS = "-ObjC";
				PRODUCT_BUNDLE_IDENTIFIER = com.mob.SMSSDKUI;
				PRODUCT_NAME = "$(TARGET_NAME:c99extidentifier)";
				SKIP_INSTALL = YES;
				SUPPORTS_MACCATALYST = NO;
				TARGETED_DEVICE_FAMILY = "1,2";
				TVOS_DEPLOYMENT_TARGET = 8.0;
			};
			name = Debug;
		};
		0B29323A245530820001D3E7 /* Release */ = {
			isa = XCBuildConfiguration;
			buildSettings = {
				CLANG_WARN_PRIVATE_MODULE = YES;
				CODE_SIGN_IDENTITY = "";
				CODE_SIGN_STYLE = Automatic;
				DEAD_CODE_STRIPPING = NO;
				DEFINES_MODULE = NO;
				DYLIB_COMPATIBILITY_VERSION = "";
				DYLIB_CURRENT_VERSION = "";
				DYLIB_INSTALL_NAME_BASE = "";
				EXCLUDED_ARCHS = armv7s;
				FRAMEWORK_SEARCH_PATHS = "\"$(SRCROOT)/../../../SDK\"/**";
				GCC_PRECOMPILE_PREFIX_HEADER = YES;
				GCC_PREFIX_HEADER = SMSSDKUI/Util/SMSSDKUIPrefixHeader.pch;
				HEADER_SEARCH_PATHS = "\"$(SRCROOT)/../../../SDK\"/**";
				INFOPLIST_FILE = SMSSDKUI/Info.plist;
				INSTALL_PATH = "$(LOCAL_LIBRARY_DIR)/Frameworks";
				IPHONEOS_DEPLOYMENT_TARGET = 8.0;
				LD_RUNPATH_SEARCH_PATHS = "";
				MACH_O_TYPE = staticlib;
				MARKETING_VERSION = 3.3.5;
				OTHER_LDFLAGS = "-ObjC";
				PRODUCT_BUNDLE_IDENTIFIER = com.mob.SMSSDKUI;
				PRODUCT_NAME = "$(TARGET_NAME:c99extidentifier)";
				SKIP_INSTALL = YES;
				SUPPORTS_MACCATALYST = NO;
				TARGETED_DEVICE_FAMILY = "1,2";
				TVOS_DEPLOYMENT_TARGET = 8.0;
			};
			name = Release;
		};
		0B293296245533B10001D3E7 /* Debug */ = {
			isa = XCBuildConfiguration;
			buildSettings = {
				CODE_SIGN_STYLE = Automatic;
				PRODUCT_NAME = "$(TARGET_NAME)";
				SUPPORTS_MACCATALYST = NO;
				TVOS_DEPLOYMENT_TARGET = 8.0;
			};
			name = Debug;
		};
		0B293297245533B10001D3E7 /* Release */ = {
			isa = XCBuildConfiguration;
			buildSettings = {
				CODE_SIGN_STYLE = Automatic;
				PRODUCT_NAME = "$(TARGET_NAME)";
				SUPPORTS_MACCATALYST = NO;
				TVOS_DEPLOYMENT_TARGET = 8.0;
			};
			name = Release;
		};
		BCB4FD10286BF072006C847B /* Debug */ = {
			isa = XCBuildConfiguration;
			buildSettings = {
				CODE_SIGN_STYLE = Automatic;
				PRODUCT_NAME = "$(TARGET_NAME)";
			};
			name = Debug;
		};
		BCB4FD11286BF072006C847B /* Release */ = {
			isa = XCBuildConfiguration;
			buildSettings = {
				CODE_SIGN_STYLE = Automatic;
				PRODUCT_NAME = "$(TARGET_NAME)";
			};
			name = Release;
		};
/* End XCBuildConfiguration section */

/* Begin XCConfigurationList section */
		0B29322A245530820001D3E7 /* Build configuration list for PBXProject "SMSSDKUI" */ = {
			isa = XCConfigurationList;
			buildConfigurations = (
				0B293236245530820001D3E7 /* Debug */,
				0B293237245530820001D3E7 /* Release */,
			);
			defaultConfigurationIsVisible = 0;
			defaultConfigurationName = Release;
		};
		0B293238245530820001D3E7 /* Build configuration list for PBXNativeTarget "SMSSDKUI" */ = {
			isa = XCConfigurationList;
			buildConfigurations = (
				0B293239245530820001D3E7 /* Debug */,
				0B29323A245530820001D3E7 /* Release */,
			);
			defaultConfigurationIsVisible = 0;
			defaultConfigurationName = Release;
		};
		0B293295245533B10001D3E7 /* Build configuration list for PBXAggregateTarget "CreatePackage_UI" */ = {
			isa = XCConfigurationList;
			buildConfigurations = (
				0B293296245533B10001D3E7 /* Debug */,
				0B293297245533B10001D3E7 /* Release */,
			);
			defaultConfigurationIsVisible = 0;
			defaultConfigurationName = Release;
		};
		BCB4FD12286BF072006C847B /* Build configuration list for PBXAggregateTarget "CreatePackage_UI_M1" */ = {
			isa = XCConfigurationList;
			buildConfigurations = (
				BCB4FD10286BF072006C847B /* Debug */,
				BCB4FD11286BF072006C847B /* Release */,
			);
			defaultConfigurationIsVisible = 0;
			defaultConfigurationName = Release;
		};
/* End XCConfigurationList section */
	};
	rootObject = 0B293227245530820001D3E7 /* Project object */;
}
