// !$*UTF8*$!
{
	archiveVersion = 1;
	classes = {
	};
	objectVersion = 46;
	objects = {

/* Begin PBXBuildFile section */
		4431E5F61EFBBFEB0008CB41 /* libSMSSDKUI.a in Frameworks */ = {isa = PBXBuildFile; fileRef = 4431E5F31EFBBFDB0008CB41 /* libSMSSDKUI.a */; };
		4431E5FA1EFBC0380008CB41 /* MOBFoundation.framework in Frameworks */ = {isa = PBXBuildFile; fileRef = 4431E5F91EFBC0380008CB41 /* MOBFoundation.framework */; };
		444590411F7B3B2C0090FE24 /* SMS_SDK.framework in Frameworks */ = {isa = PBXBuildFile; fileRef = 4445903F1F7B3B210090FE24 /* SMS_SDK.framework */; };
		448BE9E11ED6D2470081B15A /* main.m in Sources */ = {isa = PBXBuildFile; fileRef = 448BE9E01ED6D2470081B15A /* main.m */; };
		448BE9E41ED6D2470081B15A /* AppDelegate.m in Sources */ = {isa = PBXBuildFile; fileRef = 448BE9E31ED6D2470081B15A /* AppDelegate.m */; };
		448BE9E71ED6D2470081B15A /* ViewController.m in Sources */ = {isa = PBXBuildFile; fileRef = 448BE9E61ED6D2470081B15A /* ViewController.m */; };
		448BE9EC1ED6D2470081B15A /* Assets.xcassets in Resources */ = {isa = PBXBuildFile; fileRef = 448BE9EB1ED6D2470081B15A /* Assets.xcassets */; };
		448BE9EF1ED6D2470081B15A /* LaunchScreen.storyboard in Resources */ = {isa = PBXBuildFile; fileRef = 448BE9ED1ED6D2470081B15A /* LaunchScreen.storyboard */; };
		448BE9FA1ED6D2470081B15A /* SMSSDKDemoTests.m in Sources */ = {isa = PBXBuildFile; fileRef = 448BE9F91ED6D2470081B15A /* SMSSDKDemoTests.m */; };
		448BEA1D1ED6D3E10081B15A /* libz.tbd in Frameworks */ = {isa = PBXBuildFile; fileRef = 448BEA1C1ED6D3E10081B15A /* libz.tbd */; settings = {ATTRIBUTES = (Required, ); }; };
		4495403F1EEA76F50075BEA4 /* SMSSDKUI.bundle in Resources */ = {isa = PBXBuildFile; fileRef = 4495403E1EEA76F50075BEA4 /* SMSSDKUI.bundle */; };
		8DF6E368214CE6B8005711BC /* libc++.tbd in Frameworks */ = {isa = PBXBuildFile; fileRef = 8DF6E367214CE6B8005711BC /* libc++.tbd */; };
/* End PBXBuildFile section */

/* Begin PBXContainerItemProxy section */
		4431E5F21EFBBFDB0008CB41 /* PBXContainerItemProxy */ = {
			isa = PBXContainerItemProxy;
			containerPortal = 4431E5EE1EFBBFDB0008CB41 /* SMSSDKUI.xcodeproj */;
			proxyType = 2;
			remoteGlobalIDString = 448BEA291ED6D4170081B15A;
			remoteInfo = SMSSDKUI;
		};
		4431E5F41EFBBFE70008CB41 /* PBXContainerItemProxy */ = {
			isa = PBXContainerItemProxy;
			containerPortal = 4431E5EE1EFBBFDB0008CB41 /* SMSSDKUI.xcodeproj */;
			proxyType = 1;
			remoteGlobalIDString = 448BEA281ED6D4170081B15A;
			remoteInfo = SMSSDKUI;
		};
		449540481EEA7F8A0075BEA4 /* PBXContainerItemProxy */ = {
			isa = PBXContainerItemProxy;
			containerPortal = 448BE9D41ED6D2470081B15A /* Project object */;
			proxyType = 1;
			remoteGlobalIDString = 448BE9DB1ED6D2470081B15A;
			remoteInfo = SMSSDKDemo;
		};
/* End PBXContainerItemProxy section */

/* Begin PBXFileReference section */
		4431E5EE1EFBBFDB0008CB41 /* SMSSDKUI.xcodeproj */ = {isa = PBXFileReference; lastKnownFileType = "wrapper.pb-project"; name = SMSSDKUI.xcodeproj; path = SMSSDKUI/SMSSDKUI.xcodeproj; sourceTree = "<group>"; };
		4431E5F91EFBC0380008CB41 /* MOBFoundation.framework */ = {isa = PBXFileReference; lastKnownFileType = wrapper.framework; path = MOBFoundation.framework; sourceTree = "<group>"; };
		4445903F1F7B3B210090FE24 /* SMS_SDK.framework */ = {isa = PBXFileReference; lastKnownFileType = wrapper.framework; path = SMS_SDK.framework; sourceTree = "<group>"; };
		448BE9DC1ED6D2470081B15A /* SMSSDKDemo.app */ = {isa = PBXFileReference; explicitFileType = wrapper.application; includeInIndex = 0; path = SMSSDKDemo.app; sourceTree = BUILT_PRODUCTS_DIR; };
		448BE9E01ED6D2470081B15A /* main.m */ = {isa = PBXFileReference; lastKnownFileType = sourcecode.c.objc; path = main.m; sourceTree = "<group>"; };
		448BE9E21ED6D2470081B15A /* AppDelegate.h */ = {isa = PBXFileReference; lastKnownFileType = sourcecode.c.h; path = AppDelegate.h; sourceTree = "<group>"; };
		448BE9E31ED6D2470081B15A /* AppDelegate.m */ = {isa = PBXFileReference; lastKnownFileType = sourcecode.c.objc; path = AppDelegate.m; sourceTree = "<group>"; };
		448BE9E51ED6D2470081B15A /* ViewController.h */ = {isa = PBXFileReference; lastKnownFileType = sourcecode.c.h; path = ViewController.h; sourceTree = "<group>"; };
		448BE9E61ED6D2470081B15A /* ViewController.m */ = {isa = PBXFileReference; lastKnownFileType = sourcecode.c.objc; path = ViewController.m; sourceTree = "<group>"; };
		448BE9EB1ED6D2470081B15A /* Assets.xcassets */ = {isa = PBXFileReference; lastKnownFileType = folder.assetcatalog; path = Assets.xcassets; sourceTree = "<group>"; };
		448BE9EE1ED6D2470081B15A /* Base */ = {isa = PBXFileReference; lastKnownFileType = file.storyboard; name = Base; path = Base.lproj/LaunchScreen.storyboard; sourceTree = "<group>"; };
		448BE9F01ED6D2470081B15A /* Info.plist */ = {isa = PBXFileReference; lastKnownFileType = text.plist.xml; path = Info.plist; sourceTree = "<group>"; };
		448BE9F51ED6D2470081B15A /* SMSSDKDemoTests.xctest */ = {isa = PBXFileReference; explicitFileType = wrapper.cfbundle; includeInIndex = 0; path = SMSSDKDemoTests.xctest; sourceTree = BUILT_PRODUCTS_DIR; };
		448BE9F91ED6D2470081B15A /* SMSSDKDemoTests.m */ = {isa = PBXFileReference; lastKnownFileType = sourcecode.c.objc; path = SMSSDKDemoTests.m; sourceTree = "<group>"; };
		448BE9FB1ED6D2470081B15A /* Info.plist */ = {isa = PBXFileReference; lastKnownFileType = text.plist.xml; path = Info.plist; sourceTree = "<group>"; };
		448BEA1C1ED6D3E10081B15A /* libz.tbd */ = {isa = PBXFileReference; lastKnownFileType = "sourcecode.text-based-dylib-definition"; name = libz.tbd; path = usr/lib/libz.tbd; sourceTree = SDKROOT; };
		448BEA1E1ED6D3E90081B15A /* libstdc++.tbd */ = {isa = PBXFileReference; lastKnownFileType = "sourcecode.text-based-dylib-definition"; name = "libstdc++.tbd"; path = "usr/lib/libstdc++.tbd"; sourceTree = SDKROOT; };
		4495403E1EEA76F50075BEA4 /* SMSSDKUI.bundle */ = {isa = PBXFileReference; lastKnownFileType = "wrapper.plug-in"; name = SMSSDKUI.bundle; path = ../SMSSDKUI/SMSSDKUI.bundle; sourceTree = "<group>"; };
		449540861EEABA440075BEA4 /* zh-Hans */ = {isa = PBXFileReference; lastKnownFileType = text.plist.strings; name = "zh-Hans"; path = "zh-Hans.lproj/LaunchScreen.strings"; sourceTree = "<group>"; };
		8DD5D35E214B964A006614BC /* CoreTelephony.framework */ = {isa = PBXFileReference; lastKnownFileType = wrapper.framework; name = CoreTelephony.framework; path = System/Library/Frameworks/CoreTelephony.framework; sourceTree = SDKROOT; };
		8DF6E367214CE6B8005711BC /* libc++.tbd */ = {isa = PBXFileReference; lastKnownFileType = "sourcecode.text-based-dylib-definition"; name = "libc++.tbd"; path = "usr/lib/libc++.tbd"; sourceTree = SDKROOT; };
/* End PBXFileReference section */

/* Begin PBXFrameworksBuildPhase section */
		448BE9D91ED6D2470081B15A /* Frameworks */ = {
			isa = PBXFrameworksBuildPhase;
			buildActionMask = 2147483647;
			files = (
				8DF6E368214CE6B8005711BC /* libc++.tbd in Frameworks */,
				4431E5F61EFBBFEB0008CB41 /* libSMSSDKUI.a in Frameworks */,
				4431E5FA1EFBC0380008CB41 /* MOBFoundation.framework in Frameworks */,
				448BEA1D1ED6D3E10081B15A /* libz.tbd in Frameworks */,
				444590411F7B3B2C0090FE24 /* SMS_SDK.framework in Frameworks */,
			);
			runOnlyForDeploymentPostprocessing = 0;
		};
		448BE9F21ED6D2470081B15A /* Frameworks */ = {
			isa = PBXFrameworksBuildPhase;
			buildActionMask = 2147483647;
			files = (
			);
			runOnlyForDeploymentPostprocessing = 0;
		};
/* End PBXFrameworksBuildPhase section */

/* Begin PBXGroup section */
		4431E5EF1EFBBFDB0008CB41 /* Products */ = {
			isa = PBXGroup;
			children = (
				4431E5F31EFBBFDB0008CB41 /* libSMSSDKUI.a */,
			);
			name = Products;
			sourceTree = "<group>";
		};
		444590401F7B3B2C0090FE24 /* Frameworks */ = {
			isa = PBXGroup;
			children = (
				8DF6E367214CE6B8005711BC /* libc++.tbd */,
				8DD5D35E214B964A006614BC /* CoreTelephony.framework */,
			);
			name = Frameworks;
			sourceTree = "<group>";
		};
		448BE9D31ED6D2470081B15A = {
			isa = PBXGroup;
			children = (
				4431E5EE1EFBBFDB0008CB41 /* SMSSDKUI.xcodeproj */,
				448BE9DE1ED6D2470081B15A /* SMSSDKDemo */,
				449540531EEA80040075BEA4 /* Libs */,
				448BE9F81ED6D2470081B15A /* SMSSDKDemoTests */,
				448BE9DD1ED6D2470081B15A /* Products */,
				444590401F7B3B2C0090FE24 /* Frameworks */,
			);
			sourceTree = "<group>";
		};
		448BE9DD1ED6D2470081B15A /* Products */ = {
			isa = PBXGroup;
			children = (
				448BE9DC1ED6D2470081B15A /* SMSSDKDemo.app */,
				448BE9F51ED6D2470081B15A /* SMSSDKDemoTests.xctest */,
			);
			name = Products;
			sourceTree = "<group>";
		};
		448BE9DE1ED6D2470081B15A /* SMSSDKDemo */ = {
			isa = PBXGroup;
			children = (
				448BE9E21ED6D2470081B15A /* AppDelegate.h */,
				448BE9E31ED6D2470081B15A /* AppDelegate.m */,
				448BE9E51ED6D2470081B15A /* ViewController.h */,
				448BE9E61ED6D2470081B15A /* ViewController.m */,
				448BE9DF1ED6D2470081B15A /* Supporting Files */,
			);
			path = SMSSDKDemo;
			sourceTree = "<group>";
		};
		448BE9DF1ED6D2470081B15A /* Supporting Files */ = {
			isa = PBXGroup;
			children = (
				448BE9EB1ED6D2470081B15A /* Assets.xcassets */,
				448BE9ED1ED6D2470081B15A /* LaunchScreen.storyboard */,
				448BE9F01ED6D2470081B15A /* Info.plist */,
				448BE9E01ED6D2470081B15A /* main.m */,
			);
			name = "Supporting Files";
			sourceTree = "<group>";
		};
		448BE9F81ED6D2470081B15A /* SMSSDKDemoTests */ = {
			isa = PBXGroup;
			children = (
				448BE9F91ED6D2470081B15A /* SMSSDKDemoTests.m */,
				448BE9FB1ED6D2470081B15A /* Info.plist */,
			);
			path = SMSSDKDemoTests;
			sourceTree = "<group>";
		};
		448BEA131ED6D3120081B15A /* SDK */ = {
			isa = PBXGroup;
			children = (
				44953FDB1EEA4A7C0075BEA4 /* SMSSDK */,
				448BEA141ED6D3120081B15A /* Required */,
			);
			name = SDK;
			path = ../../../SDK;
			sourceTree = "<group>";
		};
		448BEA141ED6D3120081B15A /* Required */ = {
			isa = PBXGroup;
			children = (
				4431E5F91EFBC0380008CB41 /* MOBFoundation.framework */,
			);
			path = Required;
			sourceTree = "<group>";
		};
		448BEA1B1ED6D3E00081B15A /* Frameworks */ = {
			isa = PBXGroup;
			children = (
				448BEA1E1ED6D3E90081B15A /* libstdc++.tbd */,
				448BEA1C1ED6D3E10081B15A /* libz.tbd */,
			);
			name = Frameworks;
			path = ..;
			sourceTree = "<group>";
		};
		44953FDB1EEA4A7C0075BEA4 /* SMSSDK */ = {
			isa = PBXGroup;
			children = (
				4445903F1F7B3B210090FE24 /* SMS_SDK.framework */,
			);
			path = SMSSDK;
			sourceTree = "<group>";
		};
		449540531EEA80040075BEA4 /* Libs */ = {
			isa = PBXGroup;
			children = (
				448BEA1B1ED6D3E00081B15A /* Frameworks */,
				4495403E1EEA76F50075BEA4 /* SMSSDKUI.bundle */,
				448BEA131ED6D3120081B15A /* SDK */,
			);
			name = Libs;
			path = SMSSDKDemo;
			sourceTree = "<group>";
		};
/* End PBXGroup section */

/* Begin PBXNativeTarget section */
		448BE9DB1ED6D2470081B15A /* SMSSDKDemo */ = {
			isa = PBXNativeTarget;
			buildConfigurationList = 448BEA091ED6D2470081B15A /* Build configuration list for PBXNativeTarget "SMSSDKDemo" */;
			buildPhases = (
				448BE9D81ED6D2470081B15A /* Sources */,
				448BE9D91ED6D2470081B15A /* Frameworks */,
				448BE9DA1ED6D2470081B15A /* Resources */,
			);
			buildRules = (
			);
			dependencies = (
				4431E5F51EFBBFE70008CB41 /* PBXTargetDependency */,
			);
			name = SMSSDKDemo;
			productName = SMSSDKDemo;
			productReference = 448BE9DC1ED6D2470081B15A /* SMSSDKDemo.app */;
			productType = "com.apple.product-type.application";
		};
		448BE9F41ED6D2470081B15A /* SMSSDKDemoTests */ = {
			isa = PBXNativeTarget;
			buildConfigurationList = 448BEA0C1ED6D2470081B15A /* Build configuration list for PBXNativeTarget "SMSSDKDemoTests" */;
			buildPhases = (
				448BE9F11ED6D2470081B15A /* Sources */,
				448BE9F21ED6D2470081B15A /* Frameworks */,
				448BE9F31ED6D2470081B15A /* Resources */,
			);
			buildRules = (
			);
			dependencies = (
				449540491EEA7F8A0075BEA4 /* PBXTargetDependency */,
			);
			name = SMSSDKDemoTests;
			productName = SMSSDKDemoTests;
			productReference = 448BE9F51ED6D2470081B15A /* SMSSDKDemoTests.xctest */;
			productType = "com.apple.product-type.bundle.unit-test";
		};
/* End PBXNativeTarget section */

/* Begin PBXProject section */
		448BE9D41ED6D2470081B15A /* Project object */ = {
			isa = PBXProject;
			attributes = {
				LastSwiftUpdateCheck = 0910;
				LastUpgradeCheck = 0830;
				ORGANIZATIONNAME = youzu;
				TargetAttributes = {
					448BE9DB1ED6D2470081B15A = {
						CreatedOnToolsVersion = 8.3.2;
						DevelopmentTeam = LW5266U92D;
						ProvisioningStyle = Manual;
					};
					448BE9F41ED6D2470081B15A = {
						CreatedOnToolsVersion = 8.3.2;
						DevelopmentTeam = LW5266U92D;
						ProvisioningStyle = Automatic;
						TestTargetID = 448BE9DB1ED6D2470081B15A;
					};
				};
			};
			buildConfigurationList = 448BE9D71ED6D2470081B15A /* Build configuration list for PBXProject "SMSSDKDemo" */;
			compatibilityVersion = "Xcode 3.2";
			developmentRegion = English;
			hasScannedForEncodings = 0;
			knownRegions = (
				English,
				en,
				Base,
				"zh-Hans",
			);
			mainGroup = 448BE9D31ED6D2470081B15A;
			productRefGroup = 448BE9DD1ED6D2470081B15A /* Products */;
			projectDirPath = "";
			projectReferences = (
				{
					ProductGroup = 4431E5EF1EFBBFDB0008CB41 /* Products */;
					ProjectRef = 4431E5EE1EFBBFDB0008CB41 /* SMSSDKUI.xcodeproj */;
				},
			);
			projectRoot = "";
			targets = (
				448BE9DB1ED6D2470081B15A /* SMSSDKDemo */,
				448BE9F41ED6D2470081B15A /* SMSSDKDemoTests */,
			);
		};
/* End PBXProject section */

/* Begin PBXReferenceProxy section */
		4431E5F31EFBBFDB0008CB41 /* libSMSSDKUI.a */ = {
			isa = PBXReferenceProxy;
			fileType = archive.ar;
			path = libSMSSDKUI.a;
			remoteRef = 4431E5F21EFBBFDB0008CB41 /* PBXContainerItemProxy */;
			sourceTree = BUILT_PRODUCTS_DIR;
		};
/* End PBXReferenceProxy section */

/* Begin PBXResourcesBuildPhase section */
		448BE9DA1ED6D2470081B15A /* Resources */ = {
			isa = PBXResourcesBuildPhase;
			buildActionMask = 2147483647;
			files = (
				448BE9EF1ED6D2470081B15A /* LaunchScreen.storyboard in Resources */,
				4495403F1EEA76F50075BEA4 /* SMSSDKUI.bundle in Resources */,
				448BE9EC1ED6D2470081B15A /* Assets.xcassets in Resources */,
			);
			runOnlyForDeploymentPostprocessing = 0;
		};
		448BE9F31ED6D2470081B15A /* Resources */ = {
			isa = PBXResourcesBuildPhase;
			buildActionMask = 2147483647;
			files = (
			);
			runOnlyForDeploymentPostprocessing = 0;
		};
/* End PBXResourcesBuildPhase section */

/* Begin PBXSourcesBuildPhase section */
		448BE9D81ED6D2470081B15A /* Sources */ = {
			isa = PBXSourcesBuildPhase;
			buildActionMask = 2147483647;
			files = (
				448BE9E71ED6D2470081B15A /* ViewController.m in Sources */,
				448BE9E41ED6D2470081B15A /* AppDelegate.m in Sources */,
				448BE9E11ED6D2470081B15A /* main.m in Sources */,
			);
			runOnlyForDeploymentPostprocessing = 0;
		};
		448BE9F11ED6D2470081B15A /* Sources */ = {
			isa = PBXSourcesBuildPhase;
			buildActionMask = 2147483647;
			files = (
				448BE9FA1ED6D2470081B15A /* SMSSDKDemoTests.m in Sources */,
			);
			runOnlyForDeploymentPostprocessing = 0;
		};
/* End PBXSourcesBuildPhase section */

/* Begin PBXTargetDependency section */
		4431E5F51EFBBFE70008CB41 /* PBXTargetDependency */ = {
			isa = PBXTargetDependency;
			name = SMSSDKUI;
			targetProxy = 4431E5F41EFBBFE70008CB41 /* PBXContainerItemProxy */;
		};
		449540491EEA7F8A0075BEA4 /* PBXTargetDependency */ = {
			isa = PBXTargetDependency;
			target = 448BE9DB1ED6D2470081B15A /* SMSSDKDemo */;
			targetProxy = 449540481EEA7F8A0075BEA4 /* PBXContainerItemProxy */;
		};
/* End PBXTargetDependency section */

/* Begin PBXVariantGroup section */
		448BE9ED1ED6D2470081B15A /* LaunchScreen.storyboard */ = {
			isa = PBXVariantGroup;
			children = (
				448BE9EE1ED6D2470081B15A /* Base */,
				449540861EEABA440075BEA4 /* zh-Hans */,
			);
			name = LaunchScreen.storyboard;
			sourceTree = "<group>";
		};
/* End PBXVariantGroup section */

/* Begin XCBuildConfiguration section */
		448BEA071ED6D2470081B15A /* Debug */ = {
			isa = XCBuildConfiguration;
			buildSettings = {
				ALWAYS_SEARCH_USER_PATHS = NO;
				CLANG_ANALYZER_LOCALIZABILITY_NONLOCALIZED = YES;
				CLANG_ANALYZER_NONNULL = YES;
				CLANG_ANALYZER_NUMBER_OBJECT_CONVERSION = YES_AGGRESSIVE;
				CLANG_CXX_LANGUAGE_STANDARD = "gnu++0x";
				CLANG_CXX_LIBRARY = "libc++";
				CLANG_ENABLE_MODULES = YES;
				CLANG_ENABLE_OBJC_ARC = YES;
				CLANG_WARN_BOOL_CONVERSION = YES;
				CLANG_WARN_CONSTANT_CONVERSION = YES;
				CLANG_WARN_DIRECT_OBJC_ISA_USAGE = YES_ERROR;
				CLANG_WARN_DOCUMENTATION_COMMENTS = YES;
				CLANG_WARN_EMPTY_BODY = YES;
				CLANG_WARN_ENUM_CONVERSION = YES;
				CLANG_WARN_INFINITE_RECURSION = YES;
				CLANG_WARN_INT_CONVERSION = YES;
				CLANG_WARN_OBJC_ROOT_CLASS = YES_ERROR;
				CLANG_WARN_SUSPICIOUS_MOVE = YES;
				CLANG_WARN_UNREACHABLE_CODE = YES;
				CLANG_WARN__DUPLICATE_METHOD_MATCH = YES;
				"CODE_SIGN_IDENTITY[sdk=iphoneos*]" = "iPhone Developer";
				COPY_PHASE_STRIP = NO;
				DEBUG_INFORMATION_FORMAT = dwarf;
				ENABLE_STRICT_OBJC_MSGSEND = YES;
				ENABLE_TESTABILITY = YES;
				GCC_C_LANGUAGE_STANDARD = gnu99;
				GCC_DYNAMIC_NO_PIC = NO;
				GCC_NO_COMMON_BLOCKS = YES;
				GCC_OPTIMIZATION_LEVEL = 0;
				GCC_PREPROCESSOR_DEFINITIONS = (
					"DEBUG=1",
					"$(inherited)",
				);
				GCC_WARN_64_TO_32_BIT_CONVERSION = YES;
				GCC_WARN_ABOUT_RETURN_TYPE = YES_ERROR;
				GCC_WARN_UNDECLARED_SELECTOR = YES;
				GCC_WARN_UNINITIALIZED_AUTOS = YES_AGGRESSIVE;
				GCC_WARN_UNUSED_FUNCTION = YES;
				GCC_WARN_UNUSED_VARIABLE = YES;
				IPHONEOS_DEPLOYMENT_TARGET = 8.0;
				MTL_ENABLE_DEBUG_INFO = YES;
				ONLY_ACTIVE_ARCH = YES;
				SDKROOT = iphoneos;
				TARGETED_DEVICE_FAMILY = "1,2";
			};
			name = Debug;
		};
		448BEA081ED6D2470081B15A /* Release */ = {
			isa = XCBuildConfiguration;
			buildSettings = {
				ALWAYS_SEARCH_USER_PATHS = NO;
				CLANG_ANALYZER_LOCALIZABILITY_NONLOCALIZED = YES;
				CLANG_ANALYZER_NONNULL = YES;
				CLANG_ANALYZER_NUMBER_OBJECT_CONVERSION = YES_AGGRESSIVE;
				CLANG_CXX_LANGUAGE_STANDARD = "gnu++0x";
				CLANG_CXX_LIBRARY = "libc++";
				CLANG_ENABLE_MODULES = YES;
				CLANG_ENABLE_OBJC_ARC = YES;
				CLANG_WARN_BOOL_CONVERSION = YES;
				CLANG_WARN_CONSTANT_CONVERSION = YES;
				CLANG_WARN_DIRECT_OBJC_ISA_USAGE = YES_ERROR;
				CLANG_WARN_DOCUMENTATION_COMMENTS = YES;
				CLANG_WARN_EMPTY_BODY = YES;
				CLANG_WARN_ENUM_CONVERSION = YES;
				CLANG_WARN_INFINITE_RECURSION = YES;
				CLANG_WARN_INT_CONVERSION = YES;
				CLANG_WARN_OBJC_ROOT_CLASS = YES_ERROR;
				CLANG_WARN_SUSPICIOUS_MOVE = YES;
				CLANG_WARN_UNREACHABLE_CODE = YES;
				CLANG_WARN__DUPLICATE_METHOD_MATCH = YES;
				"CODE_SIGN_IDENTITY[sdk=iphoneos*]" = "iPhone Developer";
				COPY_PHASE_STRIP = NO;
				DEBUG_INFORMATION_FORMAT = "dwarf-with-dsym";
				ENABLE_NS_ASSERTIONS = NO;
				ENABLE_STRICT_OBJC_MSGSEND = YES;
				GCC_C_LANGUAGE_STANDARD = gnu99;
				GCC_NO_COMMON_BLOCKS = YES;
				GCC_WARN_64_TO_32_BIT_CONVERSION = YES;
				GCC_WARN_ABOUT_RETURN_TYPE = YES_ERROR;
				GCC_WARN_UNDECLARED_SELECTOR = YES;
				GCC_WARN_UNINITIALIZED_AUTOS = YES_AGGRESSIVE;
				GCC_WARN_UNUSED_FUNCTION = YES;
				GCC_WARN_UNUSED_VARIABLE = YES;
				IPHONEOS_DEPLOYMENT_TARGET = 8.0;
				MTL_ENABLE_DEBUG_INFO = NO;
				SDKROOT = iphoneos;
				TARGETED_DEVICE_FAMILY = "1,2";
				VALIDATE_PRODUCT = YES;
			};
			name = Release;
		};
		448BEA0A1ED6D2470081B15A /* Debug */ = {
			isa = XCBuildConfiguration;
			buildSettings = {
				ASSETCATALOG_COMPILER_APPICON_NAME = AppIcon;
				CODE_SIGN_IDENTITY = "iPhone Developer";
				"CODE_SIGN_IDENTITY[sdk=iphoneos*]" = "iPhone Developer: 永超 李 (6L4556Q7ET)";
				CODE_SIGN_STYLE = Manual;
				DEVELOPMENT_TEAM = LW5266U92D;
				FRAMEWORK_SEARCH_PATHS = "\"$(SRCROOT)/../../SDK\"/**";
				GCC_PREFIX_HEADER = "";
				INFOPLIST_FILE = SMSSDKDemo/Info.plist;
				IPHONEOS_DEPLOYMENT_TARGET = 8.0;
				LD_RUNPATH_SEARCH_PATHS = "$(inherited) @executable_path/Frameworks";
				PRODUCT_BUNDLE_IDENTIFIER = com.mob.product.SMSSDK;
				PRODUCT_NAME = "$(TARGET_NAME)";
				PROVISIONING_PROFILE = "9ca8ebb1-0581-4482-a54e-2fe444ea9b07";
				PROVISIONING_PROFILE_SPECIFIER = SMSSDKDevelopment;
			};
			name = Debug;
		};
		448BEA0B1ED6D2470081B15A /* Release */ = {
			isa = XCBuildConfiguration;
			buildSettings = {
				ASSETCATALOG_COMPILER_APPICON_NAME = AppIcon;
				CODE_SIGN_IDENTITY = "iPhone Developer";
				"CODE_SIGN_IDENTITY[sdk=iphoneos*]" = "iPhone Distribution: Guangzhou ZhangTao Network Technology Co., Ltd.";
				CODE_SIGN_STYLE = Manual;
				DEVELOPMENT_TEAM = "";
				FRAMEWORK_SEARCH_PATHS = "\"$(SRCROOT)/../../SDK\"/**";
				GCC_PREFIX_HEADER = "";
				INFOPLIST_FILE = SMSSDKDemo/Info.plist;
				IPHONEOS_DEPLOYMENT_TARGET = 8.0;
				LD_RUNPATH_SEARCH_PATHS = "$(inherited) @executable_path/Frameworks";
				PRODUCT_BUNDLE_IDENTIFIER = com.mob.product.SMSSDK;
				PRODUCT_NAME = "$(TARGET_NAME)";
				PROVISIONING_PROFILE = "3807aac7-5c27-488f-a865-268eb1dd8043";
				PROVISIONING_PROFILE_SPECIFIER = SMSSDK;
			};
			name = Release;
		};
		448BEA0D1ED6D2470081B15A /* Debug */ = {
			isa = XCBuildConfiguration;
			buildSettings = {
				BUNDLE_LOADER = "$(TEST_HOST)";
				CODE_SIGN_IDENTITY = "iPhone Developer";
				CODE_SIGN_INJECT_BASE_ENTITLEMENTS = YES;
				CODE_SIGN_STYLE = Automatic;
				DEVELOPMENT_TEAM = LW5266U92D;
				FRAMEWORK_SEARCH_PATHS = "\"$(SRCROOT)/../../SDK\"/**";
				INFOPLIST_FILE = SMSSDKDemoTests/Info.plist;
				LD_RUNPATH_SEARCH_PATHS = "$(inherited) @executable_path/Frameworks @loader_path/Frameworks";
				PRODUCT_BUNDLE_IDENTIFIER = youzu.SMSSDKDemoTests;
				PRODUCT_NAME = "$(TARGET_NAME)";
				PROVISIONING_PROFILE_SPECIFIER = "";
				TEST_HOST = "$(BUILT_PRODUCTS_DIR)/SMSSDKDemo.app/SMSSDKDemo";
			};
			name = Debug;
		};
		448BEA0E1ED6D2470081B15A /* Release */ = {
			isa = XCBuildConfiguration;
			buildSettings = {
				BUNDLE_LOADER = "$(TEST_HOST)";
				CODE_SIGN_IDENTITY = "iPhone Developer";
				CODE_SIGN_INJECT_BASE_ENTITLEMENTS = YES;
				CODE_SIGN_STYLE = Automatic;
				DEVELOPMENT_TEAM = LW5266U92D;
				FRAMEWORK_SEARCH_PATHS = "\"$(SRCROOT)/../../SDK\"/**";
				INFOPLIST_FILE = SMSSDKDemoTests/Info.plist;
				LD_RUNPATH_SEARCH_PATHS = "$(inherited) @executable_path/Frameworks @loader_path/Frameworks";
				PRODUCT_BUNDLE_IDENTIFIER = youzu.SMSSDKDemoTests;
				PRODUCT_NAME = "$(TARGET_NAME)";
				PROVISIONING_PROFILE_SPECIFIER = "";
				TEST_HOST = "$(BUILT_PRODUCTS_DIR)/SMSSDKDemo.app/SMSSDKDemo";
			};
			name = Release;
		};
/* End XCBuildConfiguration section */

/* Begin XCConfigurationList section */
		448BE9D71ED6D2470081B15A /* Build configuration list for PBXProject "SMSSDKDemo" */ = {
			isa = XCConfigurationList;
			buildConfigurations = (
				448BEA071ED6D2470081B15A /* Debug */,
				448BEA081ED6D2470081B15A /* Release */,
			);
			defaultConfigurationIsVisible = 0;
			defaultConfigurationName = Release;
		};
		448BEA091ED6D2470081B15A /* Build configuration list for PBXNativeTarget "SMSSDKDemo" */ = {
			isa = XCConfigurationList;
			buildConfigurations = (
				448BEA0A1ED6D2470081B15A /* Debug */,
				448BEA0B1ED6D2470081B15A /* Release */,
			);
			defaultConfigurationIsVisible = 0;
			defaultConfigurationName = Release;
		};
		448BEA0C1ED6D2470081B15A /* Build configuration list for PBXNativeTarget "SMSSDKDemoTests" */ = {
			isa = XCConfigurationList;
			buildConfigurations = (
				448BEA0D1ED6D2470081B15A /* Debug */,
				448BEA0E1ED6D2470081B15A /* Release */,
			);
			defaultConfigurationIsVisible = 0;
			defaultConfigurationName = Release;
		};
/* End XCConfigurationList section */
	};
	rootObject = 448BE9D41ED6D2470081B15A /* Project object */;
}
